// !$*UTF8*$!
{
	archiveVersion = 1;
	classes = {
	};
	objectVersion = 46;
	objects = {

/* Begin PBXBuildFile section */
		1717FAD418837EBD00C2C033 /* Localizable.strings in Resources */ = {isa = PBXBuildFile; fileRef = 1717FAD618837EBD00C2C033 /* Localizable.strings */; };
		1717FADF18838AA100C2C033 /* MasterViewController.m in Sources */ = {isa = PBXBuildFile; fileRef = 1717FADE18838AA100C2C033 /* MasterViewController.m */; };
		1717FAE21883939400C2C033 /* YourAlbumViewController.m in Sources */ = {isa = PBXBuildFile; fileRef = 1717FAE11883939400C2C033 /* YourAlbumViewController.m */; };
		172E782C187A8EB100167BCF /* MWPhotoBrowser.bundle in Resources */ = {isa = PBXBuildFile; fileRef = 172E782B187A8EB100167BCF /* MWPhotoBrowser.bundle */; };
		172E7832187A8F1A00167BCF /* ImageIO.framework in Frameworks */ = {isa = PBXBuildFile; fileRef = 172E7831187A8F1A00167BCF /* ImageIO.framework */; };
		172E7834187A8F2800167BCF /* MessageUI.framework in Frameworks */ = {isa = PBXBuildFile; fileRef = 172E7833187A8F2800167BCF /* MessageUI.framework */; };
		172E7836187A8F3700167BCF /* AssetsLibrary.framework in Frameworks */ = {isa = PBXBuildFile; fileRef = 172E7835187A8F3700167BCF /* AssetsLibrary.framework */; };
		172E7890187A903E00167BCF /* MWCaptionView.m in Sources */ = {isa = PBXBuildFile; fileRef = 172E783A187A903D00167BCF /* MWCaptionView.m */; };
		172E7891187A903E00167BCF /* MWGridCell.m in Sources */ = {isa = PBXBuildFile; fileRef = 172E783D187A903D00167BCF /* MWGridCell.m */; };
		172E7892187A903E00167BCF /* MWGridViewController.m in Sources */ = {isa = PBXBuildFile; fileRef = 172E783F187A903D00167BCF /* MWGridViewController.m */; };
		172E7893187A903E00167BCF /* MWPhoto.m in Sources */ = {isa = PBXBuildFile; fileRef = 172E7841187A903D00167BCF /* MWPhoto.m */; };
		172E7894187A903E00167BCF /* MWPhotoBrowser.m in Sources */ = {isa = PBXBuildFile; fileRef = 172E7843187A903D00167BCF /* MWPhotoBrowser.m */; };
		172E7895187A903E00167BCF /* MWTapDetectingImageView.m in Sources */ = {isa = PBXBuildFile; fileRef = 172E7847187A903D00167BCF /* MWTapDetectingImageView.m */; };
		172E7896187A903E00167BCF /* MWTapDetectingView.m in Sources */ = {isa = PBXBuildFile; fileRef = 172E7849187A903D00167BCF /* MWTapDetectingView.m */; };
		172E7897187A903E00167BCF /* MWZoomingScrollView.m in Sources */ = {isa = PBXBuildFile; fileRef = 172E784B187A903D00167BCF /* MWZoomingScrollView.m */; };
		172E7898187A903E00167BCF /* DACircularProgressView.m in Sources */ = {isa = PBXBuildFile; fileRef = 172E784F187A903D00167BCF /* DACircularProgressView.m */; };
		172E7899187A903E00167BCF /* MBProgressHUD.m in Sources */ = {isa = PBXBuildFile; fileRef = 172E7852187A903D00167BCF /* MBProgressHUD.m */; };
		172E789A187A903E00167BCF /* README.mdown in Resources */ = {isa = PBXBuildFile; fileRef = 172E7853187A903D00167BCF /* README.mdown */; };
		172E789B187A903E00167BCF /* NSIndexPath+PSTCollectionViewAdditions.m in Sources */ = {isa = PBXBuildFile; fileRef = 172E7856187A903D00167BCF /* NSIndexPath+PSTCollectionViewAdditions.m */; };
		172E789C187A903E00167BCF /* PSTCollectionView.m in Sources */ = {isa = PBXBuildFile; fileRef = 172E7858187A903D00167BCF /* PSTCollectionView.m */; };
		172E789D187A903E00167BCF /* PSTCollectionViewCell.m in Sources */ = {isa = PBXBuildFile; fileRef = 172E785A187A903D00167BCF /* PSTCollectionViewCell.m */; };
		172E789E187A903E00167BCF /* PSTCollectionViewController.m in Sources */ = {isa = PBXBuildFile; fileRef = 172E785D187A903D00167BCF /* PSTCollectionViewController.m */; };
		172E789F187A903E00167BCF /* PSTCollectionViewData.m in Sources */ = {isa = PBXBuildFile; fileRef = 172E785F187A903D00167BCF /* PSTCollectionViewData.m */; };
		172E78A0187A903E00167BCF /* PSTCollectionViewFlowLayout.m in Sources */ = {isa = PBXBuildFile; fileRef = 172E7861187A903D00167BCF /* PSTCollectionViewFlowLayout.m */; };
		172E78A1187A903E00167BCF /* PSTCollectionViewItemKey.m in Sources */ = {isa = PBXBuildFile; fileRef = 172E7863187A903D00167BCF /* PSTCollectionViewItemKey.m */; };
		172E78A2187A903E00167BCF /* PSTCollectionViewLayout.m in Sources */ = {isa = PBXBuildFile; fileRef = 172E7866187A903D00167BCF /* PSTCollectionViewLayout.m */; };
		172E78A3187A903E00167BCF /* PSTCollectionViewUpdateItem.m in Sources */ = {isa = PBXBuildFile; fileRef = 172E7868187A903D00167BCF /* PSTCollectionViewUpdateItem.m */; };
		172E78A4187A903E00167BCF /* PSTGridLayoutInfo.m in Sources */ = {isa = PBXBuildFile; fileRef = 172E786A187A903D00167BCF /* PSTGridLayoutInfo.m */; };
		172E78A5187A903E00167BCF /* PSTGridLayoutItem.m in Sources */ = {isa = PBXBuildFile; fileRef = 172E786C187A903D00167BCF /* PSTGridLayoutItem.m */; };
		172E78A6187A903E00167BCF /* PSTGridLayoutRow.m in Sources */ = {isa = PBXBuildFile; fileRef = 172E786E187A903D00167BCF /* PSTGridLayoutRow.m */; };
		172E78A7187A903E00167BCF /* PSTGridLayoutSection.m in Sources */ = {isa = PBXBuildFile; fileRef = 172E7870187A903D00167BCF /* PSTGridLayoutSection.m */; };
		172E78A8187A903E00167BCF /* LICENSE in Resources */ = {isa = PBXBuildFile; fileRef = 172E7872187A903D00167BCF /* LICENSE */; };
		172E78A9187A903E00167BCF /* README.md in Resources */ = {isa = PBXBuildFile; fileRef = 172E7873187A903D00167BCF /* README.md */; };
		172E78AA187A903E00167BCF /* NSData+GIF.m in Sources */ = {isa = PBXBuildFile; fileRef = 172E7876187A903D00167BCF /* NSData+GIF.m */; };
		172E78AB187A903E00167BCF /* SDImageCache.m in Sources */ = {isa = PBXBuildFile; fileRef = 172E7878187A903E00167BCF /* SDImageCache.m */; };
		172E78AC187A903E00167BCF /* SDWebImageCompat.m in Sources */ = {isa = PBXBuildFile; fileRef = 172E787A187A903E00167BCF /* SDWebImageCompat.m */; };
		172E78AD187A903E00167BCF /* SDWebImageDecoder.m in Sources */ = {isa = PBXBuildFile; fileRef = 172E787C187A903E00167BCF /* SDWebImageDecoder.m */; };
		172E78AE187A903E00167BCF /* SDWebImageDownloader.m in Sources */ = {isa = PBXBuildFile; fileRef = 172E787E187A903E00167BCF /* SDWebImageDownloader.m */; };
		172E78AF187A903E00167BCF /* SDWebImageDownloaderOperation.m in Sources */ = {isa = PBXBuildFile; fileRef = 172E7880187A903E00167BCF /* SDWebImageDownloaderOperation.m */; };
		172E78B0187A903E00167BCF /* SDWebImageManager.m in Sources */ = {isa = PBXBuildFile; fileRef = 172E7882187A903E00167BCF /* SDWebImageManager.m */; };
		172E78B1187A903E00167BCF /* SDWebImagePrefetcher.m in Sources */ = {isa = PBXBuildFile; fileRef = 172E7885187A903E00167BCF /* SDWebImagePrefetcher.m */; };
		172E78B2187A903E00167BCF /* UIButton+WebCache.m in Sources */ = {isa = PBXBuildFile; fileRef = 172E7887187A903E00167BCF /* UIButton+WebCache.m */; };
		172E78B3187A903E00167BCF /* UIImage+GIF.m in Sources */ = {isa = PBXBuildFile; fileRef = 172E7889187A903E00167BCF /* UIImage+GIF.m */; };
		172E78B4187A903E00167BCF /* UIImage+MultiFormat.m in Sources */ = {isa = PBXBuildFile; fileRef = 172E788B187A903E00167BCF /* UIImage+MultiFormat.m */; };
		172E78B5187A903E00167BCF /* UIImage+WebP.m in Sources */ = {isa = PBXBuildFile; fileRef = 172E788D187A903E00167BCF /* UIImage+WebP.m */; };
		172E78B6187A903E00167BCF /* UIImageView+WebCache.m in Sources */ = {isa = PBXBuildFile; fileRef = 172E788F187A903E00167BCF /* UIImageView+WebCache.m */; };
		175EB646187D09A200E888F9 /* AboutViewController.m in Sources */ = {isa = PBXBuildFile; fileRef = 175EB645187D09A200E888F9 /* AboutViewController.m */; };
		17A46A97186D5DE80005475C /* Cell.m in Sources */ = {isa = PBXBuildFile; fileRef = 17A46A88186D5DE80005475C /* Cell.m */; };
		17A46A98186D5DE80005475C /* CustomCellBackground.m in Sources */ = {isa = PBXBuildFile; fileRef = 17A46A8A186D5DE80005475C /* CustomCellBackground.m */; };
		17A46A9C186D5DE80005475C /* ListAlbumsSource.m in Sources */ = {isa = PBXBuildFile; fileRef = 17A46A94186D5DE80005475C /* ListAlbumsSource.m */; };
		17A46A9D186D5DE80005475C /* AlbumSource.m in Sources */ = {isa = PBXBuildFile; fileRef = 17A46A96186D5DE80005475C /* AlbumSource.m */; };
		17A46AA5186D5E2C0005475C /* AlbumViewController.m in Sources */ = {isa = PBXBuildFile; fileRef = 17A46AA0186D5E2C0005475C /* AlbumViewController.m */; };
		17A46AA6186D5E2C0005475C /* ImageViewController.m in Sources */ = {isa = PBXBuildFile; fileRef = 17A46AA2186D5E2C0005475C /* ImageViewController.m */; };
		17A46AA7186D5E2C0005475C /* ListAlbumsController.m in Sources */ = {isa = PBXBuildFile; fileRef = 17A46AA4186D5E2C0005475C /* ListAlbumsController.m */; };
		17A46AB1186D65E50005475C /* ServiceConfigs.m in Sources */ = {isa = PBXBuildFile; fileRef = 17A46AB0186D65E50005475C /* ServiceConfigs.m */; };
		17A46AB4186D67980005475C /* APIService.m in Sources */ = {isa = PBXBuildFile; fileRef = 17A46AB3186D67980005475C /* APIService.m */; };
		17A46AF1186D71140005475C /* AFAppDotNetAPIClient.m in Sources */ = {isa = PBXBuildFile; fileRef = 17A46AB9186D71140005475C /* AFAppDotNetAPIClient.m */; };
		17A46AF2186D71140005475C /* AFHTTPRequestOperation.m in Sources */ = {isa = PBXBuildFile; fileRef = 17A46ABB186D71140005475C /* AFHTTPRequestOperation.m */; };
		17A46AF3186D71140005475C /* AFHTTPRequestOperationManager.m in Sources */ = {isa = PBXBuildFile; fileRef = 17A46ABD186D71140005475C /* AFHTTPRequestOperationManager.m */; };
		17A46AF4186D71140005475C /* AFHTTPSessionManager.m in Sources */ = {isa = PBXBuildFile; fileRef = 17A46ABF186D71140005475C /* AFHTTPSessionManager.m */; };
		17A46AF5186D71140005475C /* AFNetworkReachabilityManager.m in Sources */ = {isa = PBXBuildFile; fileRef = 17A46AC2186D71140005475C /* AFNetworkReachabilityManager.m */; };
		17A46AF6186D71140005475C /* AFSecurityPolicy.m in Sources */ = {isa = PBXBuildFile; fileRef = 17A46AC4186D71140005475C /* AFSecurityPolicy.m */; };
		17A46AF7186D71140005475C /* AFURLConnectionOperation.m in Sources */ = {isa = PBXBuildFile; fileRef = 17A46AC6186D71140005475C /* AFURLConnectionOperation.m */; };
		17A46AF8186D71140005475C /* AFURLRequestSerialization.m in Sources */ = {isa = PBXBuildFile; fileRef = 17A46AC8186D71140005475C /* AFURLRequestSerialization.m */; };
		17A46AF9186D71140005475C /* AFURLResponseSerialization.m in Sources */ = {isa = PBXBuildFile; fileRef = 17A46ACA186D71140005475C /* AFURLResponseSerialization.m */; };
		17A46AFA186D71140005475C /* AFURLSessionManager.m in Sources */ = {isa = PBXBuildFile; fileRef = 17A46ACC186D71140005475C /* AFURLSessionManager.m */; };
		17A46B09186D71140005475C /* UIScrollView+SVInfiniteScrolling.m in Sources */ = {isa = PBXBuildFile; fileRef = 17A46AEE186D71140005475C /* UIScrollView+SVInfiniteScrolling.m */; };
		17A46B0A186D71140005475C /* UIScrollView+SVPullToRefresh.m in Sources */ = {isa = PBXBuildFile; fileRef = 17A46AF0186D71140005475C /* UIScrollView+SVPullToRefresh.m */; };
		17A970CC187E5C07000C40D1 /* PRTween.m in Sources */ = {isa = PBXBuildFile; fileRef = 17A970C9187E5C07000C40D1 /* PRTween.m */; };
		17A970CD187E5C07000C40D1 /* PRTweenTimingFunctions.m in Sources */ = {isa = PBXBuildFile; fileRef = 17A970CB187E5C07000C40D1 /* PRTweenTimingFunctions.m */; };
		17A970D2187E5C32000C40D1 /* MSNavigationPaneViewController.m in Sources */ = {isa = PBXBuildFile; fileRef = 17A970D1187E5C32000C40D1 /* MSNavigationPaneViewController.m */; };
		17A970D5187E5DDB000C40D1 /* MSBarButtonIconNavigationPane.png in Resources */ = {isa = PBXBuildFile; fileRef = 17A970D3187E5DDB000C40D1 /* MSBarButtonIconNavigationPane.png */; };
		17A970D6187E5DDB000C40D1 /* MSBarButtonIconNavigationPane@2x.png in Resources */ = {isa = PBXBuildFile; fileRef = 17A970D4187E5DDB000C40D1 /* MSBarButtonIconNavigationPane@2x.png */; };
		17B7F8771874FAF6002ED94B /* CustomCollectionViewLayout.m in Sources */ = {isa = PBXBuildFile; fileRef = 17B7F8761874FAF6002ED94B /* CustomCollectionViewLayout.m */; };
		17B91B1018628DC00018D4E2 /* Foundation.framework in Frameworks */ = {isa = PBXBuildFile; fileRef = 17B91B0F18628DC00018D4E2 /* Foundation.framework */; };
		17B91B1218628DC00018D4E2 /* CoreGraphics.framework in Frameworks */ = {isa = PBXBuildFile; fileRef = 17B91B1118628DC00018D4E2 /* CoreGraphics.framework */; };
		17B91B1418628DC00018D4E2 /* UIKit.framework in Frameworks */ = {isa = PBXBuildFile; fileRef = 17B91B1318628DC00018D4E2 /* UIKit.framework */; };
		17B91B1A18628DC00018D4E2 /* InfoPlist.strings in Resources */ = {isa = PBXBuildFile; fileRef = 17B91B1818628DC00018D4E2 /* InfoPlist.strings */; };
		17B91B1C18628DC00018D4E2 /* main.m in Sources */ = {isa = PBXBuildFile; fileRef = 17B91B1B18628DC00018D4E2 /* main.m */; };
		17B91B2018628DC00018D4E2 /* AppDelegate.m in Sources */ = {isa = PBXBuildFile; fileRef = 17B91B1F18628DC00018D4E2 /* AppDelegate.m */; };
		17B91B2318628DC00018D4E2 /* Main.storyboard in Resources */ = {isa = PBXBuildFile; fileRef = 17B91B2118628DC00018D4E2 /* Main.storyboard */; };
		17B91B2818628DC00018D4E2 /* Images.xcassets in Resources */ = {isa = PBXBuildFile; fileRef = 17B91B2718628DC00018D4E2 /* Images.xcassets */; };
		17B91B2F18628DC00018D4E2 /* XCTest.framework in Frameworks */ = {isa = PBXBuildFile; fileRef = 17B91B2E18628DC00018D4E2 /* XCTest.framework */; };
		17B91B3018628DC00018D4E2 /* Foundation.framework in Frameworks */ = {isa = PBXBuildFile; fileRef = 17B91B0F18628DC00018D4E2 /* Foundation.framework */; };
		17B91B3118628DC00018D4E2 /* UIKit.framework in Frameworks */ = {isa = PBXBuildFile; fileRef = 17B91B1318628DC00018D4E2 /* UIKit.framework */; };
		17B91B3918628DC00018D4E2 /* InfoPlist.strings in Resources */ = {isa = PBXBuildFile; fileRef = 17B91B3718628DC00018D4E2 /* InfoPlist.strings */; };
		17B91B3B18628DC00018D4E2 /* ImageViewerDemoTests.m in Sources */ = {isa = PBXBuildFile; fileRef = 17B91B3A18628DC00018D4E2 /* ImageViewerDemoTests.m */; };
		17C235281867D5CD003C0446 /* QuartzCore.framework in Frameworks */ = {isa = PBXBuildFile; fileRef = 17C235271867D5CD003C0446 /* QuartzCore.framework */; };
		B20A332F18810B3000217ACC /* ActivityViewCustomActivity.m in Sources */ = {isa = PBXBuildFile; fileRef = B20A332E18810B3000217ACC /* ActivityViewCustomActivity.m */; };
		B20A333318810BA100217ACC /* like_icon.png in Resources */ = {isa = PBXBuildFile; fileRef = B20A333118810BA100217ACC /* like_icon.png */; };
		B20A333418810BA100217ACC /* like_icon@2x.png in Resources */ = {isa = PBXBuildFile; fileRef = B20A333218810BA100217ACC /* like_icon@2x.png */; };
		B2B1CD241882DCA70017DA94 /* NSObject+Utilities.m in Sources */ = {isa = PBXBuildFile; fileRef = B2B1CD231882DCA70017DA94 /* NSObject+Utilities.m */; };
		B2F7F47F1871B94100D2ED95 /* media_app.png in Resources */ = {isa = PBXBuildFile; fileRef = B2F7F47D1871B94100D2ED95 /* media_app.png */; };
		B2F7F4801871B94100D2ED95 /* media_app@2x.png in Resources */ = {isa = PBXBuildFile; fileRef = B2F7F47E1871B94100D2ED95 /* media_app@2x.png */; };
		B2FB05EC1882CF6400D65C2C /* DataService.m in Sources */ = {isa = PBXBuildFile; fileRef = B2FB05EB1882CF6400D65C2C /* DataService.m */; };
		B2FB05EF1882CFAB00D65C2C /* IMAGE.xcdatamodeld in Sources */ = {isa = PBXBuildFile; fileRef = B2FB05ED1882CFAB00D65C2C /* IMAGE.xcdatamodeld */; };
		B2FB05F21882D0B200D65C2C /* IMAGE.m in Sources */ = {isa = PBXBuildFile; fileRef = B2FB05F11882D0B200D65C2C /* IMAGE.m */; };
		B2FB05F41882D23B00D65C2C /* CoreData.framework in Frameworks */ = {isa = PBXBuildFile; fileRef = B2FB05F31882D23B00D65C2C /* CoreData.framework */; };
		B2FB05F71882DAAA00D65C2C /* KeychainItemWrapper.m in Sources */ = {isa = PBXBuildFile; fileRef = B2FB05F61882DAAA00D65C2C /* KeychainItemWrapper.m */; settings = {COMPILER_FLAGS = "-fno-objc-arc"; }; };
/* End PBXBuildFile section */

/* Begin PBXContainerItemProxy section */
		17B91B3218628DC00018D4E2 /* PBXContainerItemProxy */ = {
			isa = PBXContainerItemProxy;
			containerPortal = 17B91B0418628DC00018D4E2 /* Project object */;
			proxyType = 1;
			remoteGlobalIDString = 17B91B0B18628DC00018D4E2;
			remoteInfo = ImageViewerDemo;
		};
/* End PBXContainerItemProxy section */

/* Begin PBXFileReference section */
		1717FAD118837E1D00C2C033 /* vi */ = {isa = PBXFileReference; lastKnownFileType = text.plist.strings; name = vi; path = vi.lproj/Main.strings; sourceTree = "<group>"; };
		1717FAD218837E1D00C2C033 /* vi */ = {isa = PBXFileReference; lastKnownFileType = text.plist.strings; name = vi; path = vi.lproj/InfoPlist.strings; sourceTree = "<group>"; };
		1717FAD318837E1D00C2C033 /* vi */ = {isa = PBXFileReference; lastKnownFileType = text.plist.strings; name = vi; path = vi.lproj/InfoPlist.strings; sourceTree = "<group>"; };
		1717FAD718837ED400C2C033 /* en */ = {isa = PBXFileReference; lastKnownFileType = text.plist.strings; name = en; path = en.lproj/Localizable.strings; sourceTree = "<group>"; };
		1717FAD818837EF400C2C033 /* vi */ = {isa = PBXFileReference; lastKnownFileType = text.plist.strings; name = vi; path = vi.lproj/Localizable.strings; sourceTree = "<group>"; };
		1717FAD9188381B800C2C033 /* Base */ = {isa = PBXFileReference; lastKnownFileType = text.plist.strings; name = Base; path = Base.lproj/Localizable.strings; sourceTree = "<group>"; };
		1717FADD18838AA100C2C033 /* MasterViewController.h */ = {isa = PBXFileReference; fileEncoding = 4; lastKnownFileType = sourcecode.c.h; path = MasterViewController.h; sourceTree = "<group>"; };
		1717FADE18838AA100C2C033 /* MasterViewController.m */ = {isa = PBXFileReference; fileEncoding = 4; lastKnownFileType = sourcecode.c.objc; path = MasterViewController.m; sourceTree = "<group>"; };
		1717FAE01883939400C2C033 /* YourAlbumViewController.h */ = {isa = PBXFileReference; fileEncoding = 4; lastKnownFileType = sourcecode.c.h; path = YourAlbumViewController.h; sourceTree = "<group>"; };
		1717FAE11883939400C2C033 /* YourAlbumViewController.m */ = {isa = PBXFileReference; fileEncoding = 4; lastKnownFileType = sourcecode.c.objc; path = YourAlbumViewController.m; sourceTree = "<group>"; };
		172E782B187A8EB100167BCF /* MWPhotoBrowser.bundle */ = {isa = PBXFileReference; lastKnownFileType = "wrapper.plug-in"; path = MWPhotoBrowser.bundle; sourceTree = "<group>"; };
		172E7831187A8F1A00167BCF /* ImageIO.framework */ = {isa = PBXFileReference; lastKnownFileType = wrapper.framework; name = ImageIO.framework; path = System/Library/Frameworks/ImageIO.framework; sourceTree = SDKROOT; };
		172E7833187A8F2800167BCF /* MessageUI.framework */ = {isa = PBXFileReference; lastKnownFileType = wrapper.framework; name = MessageUI.framework; path = System/Library/Frameworks/MessageUI.framework; sourceTree = SDKROOT; };
		172E7835187A8F3700167BCF /* AssetsLibrary.framework */ = {isa = PBXFileReference; lastKnownFileType = wrapper.framework; name = AssetsLibrary.framework; path = System/Library/Frameworks/AssetsLibrary.framework; sourceTree = SDKROOT; };
		172E7839187A903D00167BCF /* MWCaptionView.h */ = {isa = PBXFileReference; fileEncoding = 4; lastKnownFileType = sourcecode.c.h; path = MWCaptionView.h; sourceTree = "<group>"; };
		172E783A187A903D00167BCF /* MWCaptionView.m */ = {isa = PBXFileReference; fileEncoding = 4; lastKnownFileType = sourcecode.c.objc; path = MWCaptionView.m; sourceTree = "<group>"; };
		172E783B187A903D00167BCF /* MWCommon.h */ = {isa = PBXFileReference; fileEncoding = 4; lastKnownFileType = sourcecode.c.h; path = MWCommon.h; sourceTree = "<group>"; };
		172E783C187A903D00167BCF /* MWGridCell.h */ = {isa = PBXFileReference; fileEncoding = 4; lastKnownFileType = sourcecode.c.h; path = MWGridCell.h; sourceTree = "<group>"; };
		172E783D187A903D00167BCF /* MWGridCell.m */ = {isa = PBXFileReference; fileEncoding = 4; lastKnownFileType = sourcecode.c.objc; path = MWGridCell.m; sourceTree = "<group>"; };
		172E783E187A903D00167BCF /* MWGridViewController.h */ = {isa = PBXFileReference; fileEncoding = 4; lastKnownFileType = sourcecode.c.h; path = MWGridViewController.h; sourceTree = "<group>"; };
		172E783F187A903D00167BCF /* MWGridViewController.m */ = {isa = PBXFileReference; fileEncoding = 4; lastKnownFileType = sourcecode.c.objc; path = MWGridViewController.m; sourceTree = "<group>"; };
		172E7840187A903D00167BCF /* MWPhoto.h */ = {isa = PBXFileReference; fileEncoding = 4; lastKnownFileType = sourcecode.c.h; path = MWPhoto.h; sourceTree = "<group>"; };
		172E7841187A903D00167BCF /* MWPhoto.m */ = {isa = PBXFileReference; fileEncoding = 4; lastKnownFileType = sourcecode.c.objc; path = MWPhoto.m; sourceTree = "<group>"; };
		172E7842187A903D00167BCF /* MWPhotoBrowser.h */ = {isa = PBXFileReference; fileEncoding = 4; lastKnownFileType = sourcecode.c.h; path = MWPhotoBrowser.h; sourceTree = "<group>"; };
		172E7843187A903D00167BCF /* MWPhotoBrowser.m */ = {isa = PBXFileReference; fileEncoding = 4; lastKnownFileType = sourcecode.c.objc; path = MWPhotoBrowser.m; sourceTree = "<group>"; };
		172E7844187A903D00167BCF /* MWPhotoBrowserPrivate.h */ = {isa = PBXFileReference; fileEncoding = 4; lastKnownFileType = sourcecode.c.h; path = MWPhotoBrowserPrivate.h; sourceTree = "<group>"; };
		172E7845187A903D00167BCF /* MWPhotoProtocol.h */ = {isa = PBXFileReference; fileEncoding = 4; lastKnownFileType = sourcecode.c.h; path = MWPhotoProtocol.h; sourceTree = "<group>"; };
		172E7846187A903D00167BCF /* MWTapDetectingImageView.h */ = {isa = PBXFileReference; fileEncoding = 4; lastKnownFileType = sourcecode.c.h; path = MWTapDetectingImageView.h; sourceTree = "<group>"; };
		172E7847187A903D00167BCF /* MWTapDetectingImageView.m */ = {isa = PBXFileReference; fileEncoding = 4; lastKnownFileType = sourcecode.c.objc; path = MWTapDetectingImageView.m; sourceTree = "<group>"; };
		172E7848187A903D00167BCF /* MWTapDetectingView.h */ = {isa = PBXFileReference; fileEncoding = 4; lastKnownFileType = sourcecode.c.h; path = MWTapDetectingView.h; sourceTree = "<group>"; };
		172E7849187A903D00167BCF /* MWTapDetectingView.m */ = {isa = PBXFileReference; fileEncoding = 4; lastKnownFileType = sourcecode.c.objc; path = MWTapDetectingView.m; sourceTree = "<group>"; };
		172E784A187A903D00167BCF /* MWZoomingScrollView.h */ = {isa = PBXFileReference; fileEncoding = 4; lastKnownFileType = sourcecode.c.h; path = MWZoomingScrollView.h; sourceTree = "<group>"; };
		172E784B187A903D00167BCF /* MWZoomingScrollView.m */ = {isa = PBXFileReference; fileEncoding = 4; lastKnownFileType = sourcecode.c.objc; path = MWZoomingScrollView.m; sourceTree = "<group>"; };
		172E784E187A903D00167BCF /* DACircularProgressView.h */ = {isa = PBXFileReference; fileEncoding = 4; lastKnownFileType = sourcecode.c.h; path = DACircularProgressView.h; sourceTree = "<group>"; };
		172E784F187A903D00167BCF /* DACircularProgressView.m */ = {isa = PBXFileReference; fileEncoding = 4; lastKnownFileType = sourcecode.c.objc; path = DACircularProgressView.m; sourceTree = "<group>"; };
		172E7851187A903D00167BCF /* MBProgressHUD.h */ = {isa = PBXFileReference; fileEncoding = 4; lastKnownFileType = sourcecode.c.h; path = MBProgressHUD.h; sourceTree = "<group>"; };
		172E7852187A903D00167BCF /* MBProgressHUD.m */ = {isa = PBXFileReference; fileEncoding = 4; lastKnownFileType = sourcecode.c.objc; path = MBProgressHUD.m; sourceTree = "<group>"; };
		172E7853187A903D00167BCF /* README.mdown */ = {isa = PBXFileReference; fileEncoding = 4; lastKnownFileType = text; path = README.mdown; sourceTree = "<group>"; };
		172E7855187A903D00167BCF /* NSIndexPath+PSTCollectionViewAdditions.h */ = {isa = PBXFileReference; fileEncoding = 4; lastKnownFileType = sourcecode.c.h; path = "NSIndexPath+PSTCollectionViewAdditions.h"; sourceTree = "<group>"; };
		172E7856187A903D00167BCF /* NSIndexPath+PSTCollectionViewAdditions.m */ = {isa = PBXFileReference; fileEncoding = 4; lastKnownFileType = sourcecode.c.objc; path = "NSIndexPath+PSTCollectionViewAdditions.m"; sourceTree = "<group>"; };
		172E7857187A903D00167BCF /* PSTCollectionView.h */ = {isa = PBXFileReference; fileEncoding = 4; lastKnownFileType = sourcecode.c.h; path = PSTCollectionView.h; sourceTree = "<group>"; };
		172E7858187A903D00167BCF /* PSTCollectionView.m */ = {isa = PBXFileReference; fileEncoding = 4; lastKnownFileType = sourcecode.c.objc; path = PSTCollectionView.m; sourceTree = "<group>"; };
		172E7859187A903D00167BCF /* PSTCollectionViewCell.h */ = {isa = PBXFileReference; fileEncoding = 4; lastKnownFileType = sourcecode.c.h; path = PSTCollectionViewCell.h; sourceTree = "<group>"; };
		172E785A187A903D00167BCF /* PSTCollectionViewCell.m */ = {isa = PBXFileReference; fileEncoding = 4; lastKnownFileType = sourcecode.c.objc; path = PSTCollectionViewCell.m; sourceTree = "<group>"; };
		172E785B187A903D00167BCF /* PSTCollectionViewCommon.h */ = {isa = PBXFileReference; fileEncoding = 4; lastKnownFileType = sourcecode.c.h; path = PSTCollectionViewCommon.h; sourceTree = "<group>"; };
		172E785C187A903D00167BCF /* PSTCollectionViewController.h */ = {isa = PBXFileReference; fileEncoding = 4; lastKnownFileType = sourcecode.c.h; path = PSTCollectionViewController.h; sourceTree = "<group>"; };
		172E785D187A903D00167BCF /* PSTCollectionViewController.m */ = {isa = PBXFileReference; fileEncoding = 4; lastKnownFileType = sourcecode.c.objc; path = PSTCollectionViewController.m; sourceTree = "<group>"; };
		172E785E187A903D00167BCF /* PSTCollectionViewData.h */ = {isa = PBXFileReference; fileEncoding = 4; lastKnownFileType = sourcecode.c.h; path = PSTCollectionViewData.h; sourceTree = "<group>"; };
		172E785F187A903D00167BCF /* PSTCollectionViewData.m */ = {isa = PBXFileReference; fileEncoding = 4; lastKnownFileType = sourcecode.c.objc; path = PSTCollectionViewData.m; sourceTree = "<group>"; };
		172E7860187A903D00167BCF /* PSTCollectionViewFlowLayout.h */ = {isa = PBXFileReference; fileEncoding = 4; lastKnownFileType = sourcecode.c.h; path = PSTCollectionViewFlowLayout.h; sourceTree = "<group>"; };
		172E7861187A903D00167BCF /* PSTCollectionViewFlowLayout.m */ = {isa = PBXFileReference; fileEncoding = 4; lastKnownFileType = sourcecode.c.objc; path = PSTCollectionViewFlowLayout.m; sourceTree = "<group>"; };
		172E7862187A903D00167BCF /* PSTCollectionViewItemKey.h */ = {isa = PBXFileReference; fileEncoding = 4; lastKnownFileType = sourcecode.c.h; path = PSTCollectionViewItemKey.h; sourceTree = "<group>"; };
		172E7863187A903D00167BCF /* PSTCollectionViewItemKey.m */ = {isa = PBXFileReference; fileEncoding = 4; lastKnownFileType = sourcecode.c.objc; path = PSTCollectionViewItemKey.m; sourceTree = "<group>"; };
		172E7864187A903D00167BCF /* PSTCollectionViewLayout+Internals.h */ = {isa = PBXFileReference; fileEncoding = 4; lastKnownFileType = sourcecode.c.h; path = "PSTCollectionViewLayout+Internals.h"; sourceTree = "<group>"; };
		172E7865187A903D00167BCF /* PSTCollectionViewLayout.h */ = {isa = PBXFileReference; fileEncoding = 4; lastKnownFileType = sourcecode.c.h; path = PSTCollectionViewLayout.h; sourceTree = "<group>"; };
		172E7866187A903D00167BCF /* PSTCollectionViewLayout.m */ = {isa = PBXFileReference; fileEncoding = 4; lastKnownFileType = sourcecode.c.objc; path = PSTCollectionViewLayout.m; sourceTree = "<group>"; };
		172E7867187A903D00167BCF /* PSTCollectionViewUpdateItem.h */ = {isa = PBXFileReference; fileEncoding = 4; lastKnownFileType = sourcecode.c.h; path = PSTCollectionViewUpdateItem.h; sourceTree = "<group>"; };
		172E7868187A903D00167BCF /* PSTCollectionViewUpdateItem.m */ = {isa = PBXFileReference; fileEncoding = 4; lastKnownFileType = sourcecode.c.objc; path = PSTCollectionViewUpdateItem.m; sourceTree = "<group>"; };
		172E7869187A903D00167BCF /* PSTGridLayoutInfo.h */ = {isa = PBXFileReference; fileEncoding = 4; lastKnownFileType = sourcecode.c.h; path = PSTGridLayoutInfo.h; sourceTree = "<group>"; };
		172E786A187A903D00167BCF /* PSTGridLayoutInfo.m */ = {isa = PBXFileReference; fileEncoding = 4; lastKnownFileType = sourcecode.c.objc; path = PSTGridLayoutInfo.m; sourceTree = "<group>"; };
		172E786B187A903D00167BCF /* PSTGridLayoutItem.h */ = {isa = PBXFileReference; fileEncoding = 4; lastKnownFileType = sourcecode.c.h; path = PSTGridLayoutItem.h; sourceTree = "<group>"; };
		172E786C187A903D00167BCF /* PSTGridLayoutItem.m */ = {isa = PBXFileReference; fileEncoding = 4; lastKnownFileType = sourcecode.c.objc; path = PSTGridLayoutItem.m; sourceTree = "<group>"; };
		172E786D187A903D00167BCF /* PSTGridLayoutRow.h */ = {isa = PBXFileReference; fileEncoding = 4; lastKnownFileType = sourcecode.c.h; path = PSTGridLayoutRow.h; sourceTree = "<group>"; };
		172E786E187A903D00167BCF /* PSTGridLayoutRow.m */ = {isa = PBXFileReference; fileEncoding = 4; lastKnownFileType = sourcecode.c.objc; path = PSTGridLayoutRow.m; sourceTree = "<group>"; };
		172E786F187A903D00167BCF /* PSTGridLayoutSection.h */ = {isa = PBXFileReference; fileEncoding = 4; lastKnownFileType = sourcecode.c.h; path = PSTGridLayoutSection.h; sourceTree = "<group>"; };
		172E7870187A903D00167BCF /* PSTGridLayoutSection.m */ = {isa = PBXFileReference; fileEncoding = 4; lastKnownFileType = sourcecode.c.objc; path = PSTGridLayoutSection.m; sourceTree = "<group>"; };
		172E7872187A903D00167BCF /* LICENSE */ = {isa = PBXFileReference; fileEncoding = 4; lastKnownFileType = text; path = LICENSE; sourceTree = "<group>"; };
		172E7873187A903D00167BCF /* README.md */ = {isa = PBXFileReference; fileEncoding = 4; lastKnownFileType = text; path = README.md; sourceTree = "<group>"; };
		172E7875187A903D00167BCF /* NSData+GIF.h */ = {isa = PBXFileReference; fileEncoding = 4; lastKnownFileType = sourcecode.c.h; path = "NSData+GIF.h"; sourceTree = "<group>"; };
		172E7876187A903D00167BCF /* NSData+GIF.m */ = {isa = PBXFileReference; fileEncoding = 4; lastKnownFileType = sourcecode.c.objc; path = "NSData+GIF.m"; sourceTree = "<group>"; };
		172E7877187A903D00167BCF /* SDImageCache.h */ = {isa = PBXFileReference; fileEncoding = 4; lastKnownFileType = sourcecode.c.h; path = SDImageCache.h; sourceTree = "<group>"; };
		172E7878187A903E00167BCF /* SDImageCache.m */ = {isa = PBXFileReference; fileEncoding = 4; lastKnownFileType = sourcecode.c.objc; path = SDImageCache.m; sourceTree = "<group>"; };
		172E7879187A903E00167BCF /* SDWebImageCompat.h */ = {isa = PBXFileReference; fileEncoding = 4; lastKnownFileType = sourcecode.c.h; path = SDWebImageCompat.h; sourceTree = "<group>"; };
		172E787A187A903E00167BCF /* SDWebImageCompat.m */ = {isa = PBXFileReference; fileEncoding = 4; lastKnownFileType = sourcecode.c.objc; path = SDWebImageCompat.m; sourceTree = "<group>"; };
		172E787B187A903E00167BCF /* SDWebImageDecoder.h */ = {isa = PBXFileReference; fileEncoding = 4; lastKnownFileType = sourcecode.c.h; path = SDWebImageDecoder.h; sourceTree = "<group>"; };
		172E787C187A903E00167BCF /* SDWebImageDecoder.m */ = {isa = PBXFileReference; fileEncoding = 4; lastKnownFileType = sourcecode.c.objc; path = SDWebImageDecoder.m; sourceTree = "<group>"; };
		172E787D187A903E00167BCF /* SDWebImageDownloader.h */ = {isa = PBXFileReference; fileEncoding = 4; lastKnownFileType = sourcecode.c.h; path = SDWebImageDownloader.h; sourceTree = "<group>"; };
		172E787E187A903E00167BCF /* SDWebImageDownloader.m */ = {isa = PBXFileReference; fileEncoding = 4; lastKnownFileType = sourcecode.c.objc; path = SDWebImageDownloader.m; sourceTree = "<group>"; };
		172E787F187A903E00167BCF /* SDWebImageDownloaderOperation.h */ = {isa = PBXFileReference; fileEncoding = 4; lastKnownFileType = sourcecode.c.h; path = SDWebImageDownloaderOperation.h; sourceTree = "<group>"; };
		172E7880187A903E00167BCF /* SDWebImageDownloaderOperation.m */ = {isa = PBXFileReference; fileEncoding = 4; lastKnownFileType = sourcecode.c.objc; path = SDWebImageDownloaderOperation.m; sourceTree = "<group>"; };
		172E7881187A903E00167BCF /* SDWebImageManager.h */ = {isa = PBXFileReference; fileEncoding = 4; lastKnownFileType = sourcecode.c.h; path = SDWebImageManager.h; sourceTree = "<group>"; };
		172E7882187A903E00167BCF /* SDWebImageManager.m */ = {isa = PBXFileReference; fileEncoding = 4; lastKnownFileType = sourcecode.c.objc; path = SDWebImageManager.m; sourceTree = "<group>"; };
		172E7883187A903E00167BCF /* SDWebImageOperation.h */ = {isa = PBXFileReference; fileEncoding = 4; lastKnownFileType = sourcecode.c.h; path = SDWebImageOperation.h; sourceTree = "<group>"; };
		172E7884187A903E00167BCF /* SDWebImagePrefetcher.h */ = {isa = PBXFileReference; fileEncoding = 4; lastKnownFileType = sourcecode.c.h; path = SDWebImagePrefetcher.h; sourceTree = "<group>"; };
		172E7885187A903E00167BCF /* SDWebImagePrefetcher.m */ = {isa = PBXFileReference; fileEncoding = 4; lastKnownFileType = sourcecode.c.objc; path = SDWebImagePrefetcher.m; sourceTree = "<group>"; };
		172E7886187A903E00167BCF /* UIButton+WebCache.h */ = {isa = PBXFileReference; fileEncoding = 4; lastKnownFileType = sourcecode.c.h; path = "UIButton+WebCache.h"; sourceTree = "<group>"; };
		172E7887187A903E00167BCF /* UIButton+WebCache.m */ = {isa = PBXFileReference; fileEncoding = 4; lastKnownFileType = sourcecode.c.objc; path = "UIButton+WebCache.m"; sourceTree = "<group>"; };
		172E7888187A903E00167BCF /* UIImage+GIF.h */ = {isa = PBXFileReference; fileEncoding = 4; lastKnownFileType = sourcecode.c.h; path = "UIImage+GIF.h"; sourceTree = "<group>"; };
		172E7889187A903E00167BCF /* UIImage+GIF.m */ = {isa = PBXFileReference; fileEncoding = 4; lastKnownFileType = sourcecode.c.objc; path = "UIImage+GIF.m"; sourceTree = "<group>"; };
		172E788A187A903E00167BCF /* UIImage+MultiFormat.h */ = {isa = PBXFileReference; fileEncoding = 4; lastKnownFileType = sourcecode.c.h; path = "UIImage+MultiFormat.h"; sourceTree = "<group>"; };
		172E788B187A903E00167BCF /* UIImage+MultiFormat.m */ = {isa = PBXFileReference; fileEncoding = 4; lastKnownFileType = sourcecode.c.objc; path = "UIImage+MultiFormat.m"; sourceTree = "<group>"; };
		172E788C187A903E00167BCF /* UIImage+WebP.h */ = {isa = PBXFileReference; fileEncoding = 4; lastKnownFileType = sourcecode.c.h; path = "UIImage+WebP.h"; sourceTree = "<group>"; };
		172E788D187A903E00167BCF /* UIImage+WebP.m */ = {isa = PBXFileReference; fileEncoding = 4; lastKnownFileType = sourcecode.c.objc; path = "UIImage+WebP.m"; sourceTree = "<group>"; };
		172E788E187A903E00167BCF /* UIImageView+WebCache.h */ = {isa = PBXFileReference; fileEncoding = 4; lastKnownFileType = sourcecode.c.h; path = "UIImageView+WebCache.h"; sourceTree = "<group>"; };
		172E788F187A903E00167BCF /* UIImageView+WebCache.m */ = {isa = PBXFileReference; fileEncoding = 4; lastKnownFileType = sourcecode.c.objc; path = "UIImageView+WebCache.m"; sourceTree = "<group>"; };
		175EB644187D09A200E888F9 /* AboutViewController.h */ = {isa = PBXFileReference; fileEncoding = 4; lastKnownFileType = sourcecode.c.h; path = AboutViewController.h; sourceTree = "<group>"; };
		175EB645187D09A200E888F9 /* AboutViewController.m */ = {isa = PBXFileReference; fileEncoding = 4; lastKnownFileType = sourcecode.c.objc; path = AboutViewController.m; sourceTree = "<group>"; };
		17A46A87186D5DE80005475C /* Cell.h */ = {isa = PBXFileReference; fileEncoding = 4; lastKnownFileType = sourcecode.c.h; path = Cell.h; sourceTree = "<group>"; };
		17A46A88186D5DE80005475C /* Cell.m */ = {isa = PBXFileReference; fileEncoding = 4; lastKnownFileType = sourcecode.c.objc; path = Cell.m; sourceTree = "<group>"; };
		17A46A89186D5DE80005475C /* CustomCellBackground.h */ = {isa = PBXFileReference; fileEncoding = 4; lastKnownFileType = sourcecode.c.h; path = CustomCellBackground.h; sourceTree = "<group>"; };
		17A46A8A186D5DE80005475C /* CustomCellBackground.m */ = {isa = PBXFileReference; fileEncoding = 4; lastKnownFileType = sourcecode.c.objc; path = CustomCellBackground.m; sourceTree = "<group>"; };
		17A46A93186D5DE80005475C /* ListAlbumsSource.h */ = {isa = PBXFileReference; fileEncoding = 4; lastKnownFileType = sourcecode.c.h; path = ListAlbumsSource.h; sourceTree = "<group>"; };
		17A46A94186D5DE80005475C /* ListAlbumsSource.m */ = {isa = PBXFileReference; fileEncoding = 4; lastKnownFileType = sourcecode.c.objc; path = ListAlbumsSource.m; sourceTree = "<group>"; };
		17A46A95186D5DE80005475C /* AlbumSource.h */ = {isa = PBXFileReference; fileEncoding = 4; lastKnownFileType = sourcecode.c.h; path = AlbumSource.h; sourceTree = "<group>"; };
		17A46A96186D5DE80005475C /* AlbumSource.m */ = {isa = PBXFileReference; fileEncoding = 4; lastKnownFileType = sourcecode.c.objc; path = AlbumSource.m; sourceTree = "<group>"; };
		17A46A9F186D5E2C0005475C /* AlbumViewController.h */ = {isa = PBXFileReference; fileEncoding = 4; lastKnownFileType = sourcecode.c.h; path = AlbumViewController.h; sourceTree = "<group>"; };
		17A46AA0186D5E2C0005475C /* AlbumViewController.m */ = {isa = PBXFileReference; fileEncoding = 4; lastKnownFileType = sourcecode.c.objc; path = AlbumViewController.m; sourceTree = "<group>"; };
		17A46AA1186D5E2C0005475C /* ImageViewController.h */ = {isa = PBXFileReference; fileEncoding = 4; lastKnownFileType = sourcecode.c.h; path = ImageViewController.h; sourceTree = "<group>"; };
		17A46AA2186D5E2C0005475C /* ImageViewController.m */ = {isa = PBXFileReference; fileEncoding = 4; lastKnownFileType = sourcecode.c.objc; path = ImageViewController.m; sourceTree = "<group>"; };
		17A46AA3186D5E2C0005475C /* ListAlbumsController.h */ = {isa = PBXFileReference; fileEncoding = 4; lastKnownFileType = sourcecode.c.h; path = ListAlbumsController.h; sourceTree = "<group>"; };
		17A46AA4186D5E2C0005475C /* ListAlbumsController.m */ = {isa = PBXFileReference; fileEncoding = 4; lastKnownFileType = sourcecode.c.objc; path = ListAlbumsController.m; sourceTree = "<group>"; };
		17A46AAF186D65E50005475C /* ServiceConfigs.h */ = {isa = PBXFileReference; fileEncoding = 4; lastKnownFileType = sourcecode.c.h; path = ServiceConfigs.h; sourceTree = "<group>"; };
		17A46AB0186D65E50005475C /* ServiceConfigs.m */ = {isa = PBXFileReference; fileEncoding = 4; lastKnownFileType = sourcecode.c.objc; path = ServiceConfigs.m; sourceTree = "<group>"; };
		17A46AB2186D67980005475C /* APIService.h */ = {isa = PBXFileReference; fileEncoding = 4; lastKnownFileType = sourcecode.c.h; path = APIService.h; sourceTree = "<group>"; };
		17A46AB3186D67980005475C /* APIService.m */ = {isa = PBXFileReference; fileEncoding = 4; lastKnownFileType = sourcecode.c.objc; path = APIService.m; sourceTree = "<group>"; };
		17A46AB8186D71140005475C /* AFAppDotNetAPIClient.h */ = {isa = PBXFileReference; fileEncoding = 4; lastKnownFileType = sourcecode.c.h; path = AFAppDotNetAPIClient.h; sourceTree = "<group>"; };
		17A46AB9186D71140005475C /* AFAppDotNetAPIClient.m */ = {isa = PBXFileReference; fileEncoding = 4; lastKnownFileType = sourcecode.c.objc; path = AFAppDotNetAPIClient.m; sourceTree = "<group>"; };
		17A46ABA186D71140005475C /* AFHTTPRequestOperation.h */ = {isa = PBXFileReference; fileEncoding = 4; lastKnownFileType = sourcecode.c.h; path = AFHTTPRequestOperation.h; sourceTree = "<group>"; };
		17A46ABB186D71140005475C /* AFHTTPRequestOperation.m */ = {isa = PBXFileReference; fileEncoding = 4; lastKnownFileType = sourcecode.c.objc; path = AFHTTPRequestOperation.m; sourceTree = "<group>"; };
		17A46ABC186D71140005475C /* AFHTTPRequestOperationManager.h */ = {isa = PBXFileReference; fileEncoding = 4; lastKnownFileType = sourcecode.c.h; path = AFHTTPRequestOperationManager.h; sourceTree = "<group>"; };
		17A46ABD186D71140005475C /* AFHTTPRequestOperationManager.m */ = {isa = PBXFileReference; fileEncoding = 4; lastKnownFileType = sourcecode.c.objc; path = AFHTTPRequestOperationManager.m; sourceTree = "<group>"; };
		17A46ABE186D71140005475C /* AFHTTPSessionManager.h */ = {isa = PBXFileReference; fileEncoding = 4; lastKnownFileType = sourcecode.c.h; path = AFHTTPSessionManager.h; sourceTree = "<group>"; };
		17A46ABF186D71140005475C /* AFHTTPSessionManager.m */ = {isa = PBXFileReference; fileEncoding = 4; lastKnownFileType = sourcecode.c.objc; path = AFHTTPSessionManager.m; sourceTree = "<group>"; };
		17A46AC0186D71140005475C /* AFNetworking.h */ = {isa = PBXFileReference; fileEncoding = 4; lastKnownFileType = sourcecode.c.h; path = AFNetworking.h; sourceTree = "<group>"; };
		17A46AC1186D71140005475C /* AFNetworkReachabilityManager.h */ = {isa = PBXFileReference; fileEncoding = 4; lastKnownFileType = sourcecode.c.h; path = AFNetworkReachabilityManager.h; sourceTree = "<group>"; };
		17A46AC2186D71140005475C /* AFNetworkReachabilityManager.m */ = {isa = PBXFileReference; fileEncoding = 4; lastKnownFileType = sourcecode.c.objc; path = AFNetworkReachabilityManager.m; sourceTree = "<group>"; };
		17A46AC3186D71140005475C /* AFSecurityPolicy.h */ = {isa = PBXFileReference; fileEncoding = 4; lastKnownFileType = sourcecode.c.h; path = AFSecurityPolicy.h; sourceTree = "<group>"; };
		17A46AC4186D71140005475C /* AFSecurityPolicy.m */ = {isa = PBXFileReference; fileEncoding = 4; lastKnownFileType = sourcecode.c.objc; path = AFSecurityPolicy.m; sourceTree = "<group>"; };
		17A46AC5186D71140005475C /* AFURLConnectionOperation.h */ = {isa = PBXFileReference; fileEncoding = 4; lastKnownFileType = sourcecode.c.h; path = AFURLConnectionOperation.h; sourceTree = "<group>"; };
		17A46AC6186D71140005475C /* AFURLConnectionOperation.m */ = {isa = PBXFileReference; fileEncoding = 4; lastKnownFileType = sourcecode.c.objc; path = AFURLConnectionOperation.m; sourceTree = "<group>"; };
		17A46AC7186D71140005475C /* AFURLRequestSerialization.h */ = {isa = PBXFileReference; fileEncoding = 4; lastKnownFileType = sourcecode.c.h; path = AFURLRequestSerialization.h; sourceTree = "<group>"; };
		17A46AC8186D71140005475C /* AFURLRequestSerialization.m */ = {isa = PBXFileReference; fileEncoding = 4; lastKnownFileType = sourcecode.c.objc; path = AFURLRequestSerialization.m; sourceTree = "<group>"; };
		17A46AC9186D71140005475C /* AFURLResponseSerialization.h */ = {isa = PBXFileReference; fileEncoding = 4; lastKnownFileType = sourcecode.c.h; path = AFURLResponseSerialization.h; sourceTree = "<group>"; };
		17A46ACA186D71140005475C /* AFURLResponseSerialization.m */ = {isa = PBXFileReference; fileEncoding = 4; lastKnownFileType = sourcecode.c.objc; path = AFURLResponseSerialization.m; sourceTree = "<group>"; };
		17A46ACB186D71140005475C /* AFURLSessionManager.h */ = {isa = PBXFileReference; fileEncoding = 4; lastKnownFileType = sourcecode.c.h; path = AFURLSessionManager.h; sourceTree = "<group>"; };
		17A46ACC186D71140005475C /* AFURLSessionManager.m */ = {isa = PBXFileReference; fileEncoding = 4; lastKnownFileType = sourcecode.c.objc; path = AFURLSessionManager.m; sourceTree = "<group>"; };
		17A46AEC186D71140005475C /* SVPullToRefresh.h */ = {isa = PBXFileReference; fileEncoding = 4; lastKnownFileType = sourcecode.c.h; path = SVPullToRefresh.h; sourceTree = "<group>"; };
		17A46AED186D71140005475C /* UIScrollView+SVInfiniteScrolling.h */ = {isa = PBXFileReference; fileEncoding = 4; lastKnownFileType = sourcecode.c.h; path = "UIScrollView+SVInfiniteScrolling.h"; sourceTree = "<group>"; };
		17A46AEE186D71140005475C /* UIScrollView+SVInfiniteScrolling.m */ = {isa = PBXFileReference; fileEncoding = 4; lastKnownFileType = sourcecode.c.objc; path = "UIScrollView+SVInfiniteScrolling.m"; sourceTree = "<group>"; };
		17A46AEF186D71140005475C /* UIScrollView+SVPullToRefresh.h */ = {isa = PBXFileReference; fileEncoding = 4; lastKnownFileType = sourcecode.c.h; path = "UIScrollView+SVPullToRefresh.h"; sourceTree = "<group>"; };
		17A46AF0186D71140005475C /* UIScrollView+SVPullToRefresh.m */ = {isa = PBXFileReference; fileEncoding = 4; lastKnownFileType = sourcecode.c.objc; path = "UIScrollView+SVPullToRefresh.m"; sourceTree = "<group>"; };
		17A970C8187E5C07000C40D1 /* PRTween.h */ = {isa = PBXFileReference; fileEncoding = 4; lastKnownFileType = sourcecode.c.h; path = PRTween.h; sourceTree = "<group>"; };
		17A970C9187E5C07000C40D1 /* PRTween.m */ = {isa = PBXFileReference; fileEncoding = 4; lastKnownFileType = sourcecode.c.objc; path = PRTween.m; sourceTree = "<group>"; };
		17A970CA187E5C07000C40D1 /* PRTweenTimingFunctions.h */ = {isa = PBXFileReference; fileEncoding = 4; lastKnownFileType = sourcecode.c.h; path = PRTweenTimingFunctions.h; sourceTree = "<group>"; };
		17A970CB187E5C07000C40D1 /* PRTweenTimingFunctions.m */ = {isa = PBXFileReference; fileEncoding = 4; lastKnownFileType = sourcecode.c.objc; path = PRTweenTimingFunctions.m; sourceTree = "<group>"; };
		17A970D0187E5C32000C40D1 /* MSNavigationPaneViewController.h */ = {isa = PBXFileReference; fileEncoding = 4; lastKnownFileType = sourcecode.c.h; path = MSNavigationPaneViewController.h; sourceTree = "<group>"; };
		17A970D1187E5C32000C40D1 /* MSNavigationPaneViewController.m */ = {isa = PBXFileReference; fileEncoding = 4; lastKnownFileType = sourcecode.c.objc; path = MSNavigationPaneViewController.m; sourceTree = "<group>"; };
		17A970D3187E5DDB000C40D1 /* MSBarButtonIconNavigationPane.png */ = {isa = PBXFileReference; lastKnownFileType = image.png; path = MSBarButtonIconNavigationPane.png; sourceTree = "<group>"; };
		17A970D4187E5DDB000C40D1 /* MSBarButtonIconNavigationPane@2x.png */ = {isa = PBXFileReference; lastKnownFileType = image.png; path = "MSBarButtonIconNavigationPane@2x.png"; sourceTree = "<group>"; };
		17B7F8751874FAF6002ED94B /* CustomCollectionViewLayout.h */ = {isa = PBXFileReference; fileEncoding = 4; lastKnownFileType = sourcecode.c.h; path = CustomCollectionViewLayout.h; sourceTree = "<group>"; };
		17B7F8761874FAF6002ED94B /* CustomCollectionViewLayout.m */ = {isa = PBXFileReference; fileEncoding = 4; lastKnownFileType = sourcecode.c.objc; path = CustomCollectionViewLayout.m; sourceTree = "<group>"; };
		17B91B0C18628DC00018D4E2 /* ImageViewerDemo.app */ = {isa = PBXFileReference; explicitFileType = wrapper.application; includeInIndex = 0; path = ImageViewerDemo.app; sourceTree = BUILT_PRODUCTS_DIR; };
		17B91B0F18628DC00018D4E2 /* Foundation.framework */ = {isa = PBXFileReference; lastKnownFileType = wrapper.framework; name = Foundation.framework; path = System/Library/Frameworks/Foundation.framework; sourceTree = SDKROOT; };
		17B91B1118628DC00018D4E2 /* CoreGraphics.framework */ = {isa = PBXFileReference; lastKnownFileType = wrapper.framework; name = CoreGraphics.framework; path = System/Library/Frameworks/CoreGraphics.framework; sourceTree = SDKROOT; };
		17B91B1318628DC00018D4E2 /* UIKit.framework */ = {isa = PBXFileReference; lastKnownFileType = wrapper.framework; name = UIKit.framework; path = System/Library/Frameworks/UIKit.framework; sourceTree = SDKROOT; };
		17B91B1718628DC00018D4E2 /* ImageViewerDemo-Info.plist */ = {isa = PBXFileReference; lastKnownFileType = text.plist.xml; path = "ImageViewerDemo-Info.plist"; sourceTree = "<group>"; };
		17B91B1918628DC00018D4E2 /* en */ = {isa = PBXFileReference; lastKnownFileType = text.plist.strings; name = en; path = en.lproj/InfoPlist.strings; sourceTree = "<group>"; };
		17B91B1B18628DC00018D4E2 /* main.m */ = {isa = PBXFileReference; lastKnownFileType = sourcecode.c.objc; path = main.m; sourceTree = "<group>"; };
		17B91B1D18628DC00018D4E2 /* ImageViewerDemo-Prefix.pch */ = {isa = PBXFileReference; lastKnownFileType = sourcecode.c.h; path = "ImageViewerDemo-Prefix.pch"; sourceTree = "<group>"; };
		17B91B1E18628DC00018D4E2 /* AppDelegate.h */ = {isa = PBXFileReference; lastKnownFileType = sourcecode.c.h; path = AppDelegate.h; sourceTree = "<group>"; };
		17B91B1F18628DC00018D4E2 /* AppDelegate.m */ = {isa = PBXFileReference; lastKnownFileType = sourcecode.c.objc; path = AppDelegate.m; sourceTree = "<group>"; };
		17B91B2218628DC00018D4E2 /* Base */ = {isa = PBXFileReference; lastKnownFileType = file.storyboard; name = Base; path = Base.lproj/Main.storyboard; sourceTree = "<group>"; };
		17B91B2718628DC00018D4E2 /* Images.xcassets */ = {isa = PBXFileReference; lastKnownFileType = folder.assetcatalog; path = Images.xcassets; sourceTree = "<group>"; };
		17B91B2D18628DC00018D4E2 /* ImageViewerDemoTests.xctest */ = {isa = PBXFileReference; explicitFileType = wrapper.cfbundle; includeInIndex = 0; path = ImageViewerDemoTests.xctest; sourceTree = BUILT_PRODUCTS_DIR; };
		17B91B2E18628DC00018D4E2 /* XCTest.framework */ = {isa = PBXFileReference; lastKnownFileType = wrapper.framework; name = XCTest.framework; path = Library/Frameworks/XCTest.framework; sourceTree = DEVELOPER_DIR; };
		17B91B3618628DC00018D4E2 /* ImageViewerDemoTests-Info.plist */ = {isa = PBXFileReference; lastKnownFileType = text.plist.xml; path = "ImageViewerDemoTests-Info.plist"; sourceTree = "<group>"; };
		17B91B3818628DC00018D4E2 /* en */ = {isa = PBXFileReference; lastKnownFileType = text.plist.strings; name = en; path = en.lproj/InfoPlist.strings; sourceTree = "<group>"; };
		17B91B3A18628DC00018D4E2 /* ImageViewerDemoTests.m */ = {isa = PBXFileReference; lastKnownFileType = sourcecode.c.objc; path = ImageViewerDemoTests.m; sourceTree = "<group>"; };
		17C235271867D5CD003C0446 /* QuartzCore.framework */ = {isa = PBXFileReference; lastKnownFileType = wrapper.framework; name = QuartzCore.framework; path = System/Library/Frameworks/QuartzCore.framework; sourceTree = SDKROOT; };
		B20A332D18810B3000217ACC /* ActivityViewCustomActivity.h */ = {isa = PBXFileReference; fileEncoding = 4; lastKnownFileType = sourcecode.c.h; path = ActivityViewCustomActivity.h; sourceTree = "<group>"; };
		B20A332E18810B3000217ACC /* ActivityViewCustomActivity.m */ = {isa = PBXFileReference; fileEncoding = 4; lastKnownFileType = sourcecode.c.objc; path = ActivityViewCustomActivity.m; sourceTree = "<group>"; };
		B20A333118810BA100217ACC /* like_icon.png */ = {isa = PBXFileReference; lastKnownFileType = image.png; path = like_icon.png; sourceTree = "<group>"; };
		B20A333218810BA100217ACC /* like_icon@2x.png */ = {isa = PBXFileReference; lastKnownFileType = image.png; path = "like_icon@2x.png"; sourceTree = "<group>"; };
		B2B1CD221882DCA70017DA94 /* NSObject+Utilities.h */ = {isa = PBXFileReference; fileEncoding = 4; lastKnownFileType = sourcecode.c.h; path = "NSObject+Utilities.h"; sourceTree = "<group>"; };
		B2B1CD231882DCA70017DA94 /* NSObject+Utilities.m */ = {isa = PBXFileReference; fileEncoding = 4; lastKnownFileType = sourcecode.c.objc; path = "NSObject+Utilities.m"; sourceTree = "<group>"; };
		B2F7F47D1871B94100D2ED95 /* media_app.png */ = {isa = PBXFileReference; lastKnownFileType = image.png; path = media_app.png; sourceTree = "<group>"; };
		B2F7F47E1871B94100D2ED95 /* media_app@2x.png */ = {isa = PBXFileReference; lastKnownFileType = image.png; path = "media_app@2x.png"; sourceTree = "<group>"; };
		B2FB05EA1882CF6400D65C2C /* DataService.h */ = {isa = PBXFileReference; fileEncoding = 4; lastKnownFileType = sourcecode.c.h; path = DataService.h; sourceTree = "<group>"; };
		B2FB05EB1882CF6400D65C2C /* DataService.m */ = {isa = PBXFileReference; fileEncoding = 4; lastKnownFileType = sourcecode.c.objc; path = DataService.m; sourceTree = "<group>"; };
		B2FB05EE1882CFAB00D65C2C /* IMAGE.xcdatamodel */ = {isa = PBXFileReference; lastKnownFileType = wrapper.xcdatamodel; path = IMAGE.xcdatamodel; sourceTree = "<group>"; };
		B2FB05F01882D0B200D65C2C /* IMAGE.h */ = {isa = PBXFileReference; fileEncoding = 4; lastKnownFileType = sourcecode.c.h; path = IMAGE.h; sourceTree = "<group>"; };
		B2FB05F11882D0B200D65C2C /* IMAGE.m */ = {isa = PBXFileReference; fileEncoding = 4; lastKnownFileType = sourcecode.c.objc; path = IMAGE.m; sourceTree = "<group>"; };
		B2FB05F31882D23B00D65C2C /* CoreData.framework */ = {isa = PBXFileReference; lastKnownFileType = wrapper.framework; name = CoreData.framework; path = System/Library/Frameworks/CoreData.framework; sourceTree = SDKROOT; };
		B2FB05F51882DAAA00D65C2C /* KeychainItemWrapper.h */ = {isa = PBXFileReference; fileEncoding = 4; lastKnownFileType = sourcecode.c.h; path = KeychainItemWrapper.h; sourceTree = "<group>"; };
		B2FB05F61882DAAA00D65C2C /* KeychainItemWrapper.m */ = {isa = PBXFileReference; fileEncoding = 4; lastKnownFileType = sourcecode.c.objc; path = KeychainItemWrapper.m; sourceTree = "<group>"; };
/* End PBXFileReference section */

/* Begin PBXFrameworksBuildPhase section */
		17B91B0918628DC00018D4E2 /* Frameworks */ = {
			isa = PBXFrameworksBuildPhase;
			buildActionMask = 2147483647;
			files = (
				B2FB05F41882D23B00D65C2C /* CoreData.framework in Frameworks */,
				172E7836187A8F3700167BCF /* AssetsLibrary.framework in Frameworks */,
				172E7834187A8F2800167BCF /* MessageUI.framework in Frameworks */,
				172E7832187A8F1A00167BCF /* ImageIO.framework in Frameworks */,
				17C235281867D5CD003C0446 /* QuartzCore.framework in Frameworks */,
				17B91B1218628DC00018D4E2 /* CoreGraphics.framework in Frameworks */,
				17B91B1418628DC00018D4E2 /* UIKit.framework in Frameworks */,
				17B91B1018628DC00018D4E2 /* Foundation.framework in Frameworks */,
			);
			runOnlyForDeploymentPostprocessing = 0;
		};
		17B91B2A18628DC00018D4E2 /* Frameworks */ = {
			isa = PBXFrameworksBuildPhase;
			buildActionMask = 2147483647;
			files = (
				17B91B2F18628DC00018D4E2 /* XCTest.framework in Frameworks */,
				17B91B3118628DC00018D4E2 /* UIKit.framework in Frameworks */,
				17B91B3018628DC00018D4E2 /* Foundation.framework in Frameworks */,
			);
			runOnlyForDeploymentPostprocessing = 0;
		};
/* End PBXFrameworksBuildPhase section */

/* Begin PBXGroup section */
		172E781F187A8CFD00167BCF /* MWPhotoBrowser */ = {
			isa = PBXGroup;
			children = (
				172E7838187A903D00167BCF /* Classes */,
				172E784C187A903D00167BCF /* Libraries */,
				172E782B187A8EB100167BCF /* MWPhotoBrowser.bundle */,
			);
			path = MWPhotoBrowser;
			sourceTree = "<group>";
		};
		172E7838187A903D00167BCF /* Classes */ = {
			isa = PBXGroup;
			children = (
				172E7839187A903D00167BCF /* MWCaptionView.h */,
				172E783A187A903D00167BCF /* MWCaptionView.m */,
				172E783B187A903D00167BCF /* MWCommon.h */,
				172E783C187A903D00167BCF /* MWGridCell.h */,
				172E783D187A903D00167BCF /* MWGridCell.m */,
				172E783E187A903D00167BCF /* MWGridViewController.h */,
				172E783F187A903D00167BCF /* MWGridViewController.m */,
				172E7840187A903D00167BCF /* MWPhoto.h */,
				172E7841187A903D00167BCF /* MWPhoto.m */,
				172E7842187A903D00167BCF /* MWPhotoBrowser.h */,
				172E7843187A903D00167BCF /* MWPhotoBrowser.m */,
				172E7844187A903D00167BCF /* MWPhotoBrowserPrivate.h */,
				172E7845187A903D00167BCF /* MWPhotoProtocol.h */,
				172E7846187A903D00167BCF /* MWTapDetectingImageView.h */,
				172E7847187A903D00167BCF /* MWTapDetectingImageView.m */,
				172E7848187A903D00167BCF /* MWTapDetectingView.h */,
				172E7849187A903D00167BCF /* MWTapDetectingView.m */,
				172E784A187A903D00167BCF /* MWZoomingScrollView.h */,
				172E784B187A903D00167BCF /* MWZoomingScrollView.m */,
			);
			path = Classes;
			sourceTree = "<group>";
		};
		172E784C187A903D00167BCF /* Libraries */ = {
			isa = PBXGroup;
			children = (
				172E784D187A903D00167BCF /* DACircularProgress */,
				172E7850187A903D00167BCF /* MBProgressHUD */,
				172E7854187A903D00167BCF /* PSTCollectionView */,
				172E7871187A903D00167BCF /* SDWebImage */,
			);
			path = Libraries;
			sourceTree = "<group>";
		};
		172E784D187A903D00167BCF /* DACircularProgress */ = {
			isa = PBXGroup;
			children = (
				172E784E187A903D00167BCF /* DACircularProgressView.h */,
				172E784F187A903D00167BCF /* DACircularProgressView.m */,
			);
			path = DACircularProgress;
			sourceTree = "<group>";
		};
		172E7850187A903D00167BCF /* MBProgressHUD */ = {
			isa = PBXGroup;
			children = (
				172E7851187A903D00167BCF /* MBProgressHUD.h */,
				172E7852187A903D00167BCF /* MBProgressHUD.m */,
				172E7853187A903D00167BCF /* README.mdown */,
			);
			path = MBProgressHUD;
			sourceTree = "<group>";
		};
		172E7854187A903D00167BCF /* PSTCollectionView */ = {
			isa = PBXGroup;
			children = (
				172E7855187A903D00167BCF /* NSIndexPath+PSTCollectionViewAdditions.h */,
				172E7856187A903D00167BCF /* NSIndexPath+PSTCollectionViewAdditions.m */,
				172E7857187A903D00167BCF /* PSTCollectionView.h */,
				172E7858187A903D00167BCF /* PSTCollectionView.m */,
				172E7859187A903D00167BCF /* PSTCollectionViewCell.h */,
				172E785A187A903D00167BCF /* PSTCollectionViewCell.m */,
				172E785B187A903D00167BCF /* PSTCollectionViewCommon.h */,
				172E785C187A903D00167BCF /* PSTCollectionViewController.h */,
				172E785D187A903D00167BCF /* PSTCollectionViewController.m */,
				172E785E187A903D00167BCF /* PSTCollectionViewData.h */,
				172E785F187A903D00167BCF /* PSTCollectionViewData.m */,
				172E7860187A903D00167BCF /* PSTCollectionViewFlowLayout.h */,
				172E7861187A903D00167BCF /* PSTCollectionViewFlowLayout.m */,
				172E7862187A903D00167BCF /* PSTCollectionViewItemKey.h */,
				172E7863187A903D00167BCF /* PSTCollectionViewItemKey.m */,
				172E7864187A903D00167BCF /* PSTCollectionViewLayout+Internals.h */,
				172E7865187A903D00167BCF /* PSTCollectionViewLayout.h */,
				172E7866187A903D00167BCF /* PSTCollectionViewLayout.m */,
				172E7867187A903D00167BCF /* PSTCollectionViewUpdateItem.h */,
				172E7868187A903D00167BCF /* PSTCollectionViewUpdateItem.m */,
				172E7869187A903D00167BCF /* PSTGridLayoutInfo.h */,
				172E786A187A903D00167BCF /* PSTGridLayoutInfo.m */,
				172E786B187A903D00167BCF /* PSTGridLayoutItem.h */,
				172E786C187A903D00167BCF /* PSTGridLayoutItem.m */,
				172E786D187A903D00167BCF /* PSTGridLayoutRow.h */,
				172E786E187A903D00167BCF /* PSTGridLayoutRow.m */,
				172E786F187A903D00167BCF /* PSTGridLayoutSection.h */,
				172E7870187A903D00167BCF /* PSTGridLayoutSection.m */,
			);
			path = PSTCollectionView;
			sourceTree = "<group>";
		};
		172E7871187A903D00167BCF /* SDWebImage */ = {
			isa = PBXGroup;
			children = (
				172E7872187A903D00167BCF /* LICENSE */,
				172E7873187A903D00167BCF /* README.md */,
				172E7874187A903D00167BCF /* SDWebImage */,
			);
			path = SDWebImage;
			sourceTree = "<group>";
		};
		172E7874187A903D00167BCF /* SDWebImage */ = {
			isa = PBXGroup;
			children = (
				172E7875187A903D00167BCF /* NSData+GIF.h */,
				172E7876187A903D00167BCF /* NSData+GIF.m */,
				172E7877187A903D00167BCF /* SDImageCache.h */,
				172E7878187A903E00167BCF /* SDImageCache.m */,
				172E7879187A903E00167BCF /* SDWebImageCompat.h */,
				172E787A187A903E00167BCF /* SDWebImageCompat.m */,
				172E787B187A903E00167BCF /* SDWebImageDecoder.h */,
				172E787C187A903E00167BCF /* SDWebImageDecoder.m */,
				172E787D187A903E00167BCF /* SDWebImageDownloader.h */,
				172E787E187A903E00167BCF /* SDWebImageDownloader.m */,
				172E787F187A903E00167BCF /* SDWebImageDownloaderOperation.h */,
				172E7880187A903E00167BCF /* SDWebImageDownloaderOperation.m */,
				172E7881187A903E00167BCF /* SDWebImageManager.h */,
				172E7882187A903E00167BCF /* SDWebImageManager.m */,
				172E7883187A903E00167BCF /* SDWebImageOperation.h */,
				172E7884187A903E00167BCF /* SDWebImagePrefetcher.h */,
				172E7885187A903E00167BCF /* SDWebImagePrefetcher.m */,
				172E7886187A903E00167BCF /* UIButton+WebCache.h */,
				172E7887187A903E00167BCF /* UIButton+WebCache.m */,
				172E7888187A903E00167BCF /* UIImage+GIF.h */,
				172E7889187A903E00167BCF /* UIImage+GIF.m */,
				172E788A187A903E00167BCF /* UIImage+MultiFormat.h */,
				172E788B187A903E00167BCF /* UIImage+MultiFormat.m */,
				172E788C187A903E00167BCF /* UIImage+WebP.h */,
				172E788D187A903E00167BCF /* UIImage+WebP.m */,
				172E788E187A903E00167BCF /* UIImageView+WebCache.h */,
				172E788F187A903E00167BCF /* UIImageView+WebCache.m */,
			);
			path = SDWebImage;
			sourceTree = "<group>";
		};
		17A46A1C186D5B040005475C /* APIServices */ = {
			isa = PBXGroup;
			children = (
				17A46AAF186D65E50005475C /* ServiceConfigs.h */,
				17A46AB0186D65E50005475C /* ServiceConfigs.m */,
				17A46AB2186D67980005475C /* APIService.h */,
				17A46AB3186D67980005475C /* APIService.m */,
			);
			path = APIServices;
			sourceTree = "<group>";
		};
		17A46A86186D5DE80005475C /* Model */ = {
			isa = PBXGroup;
			children = (
				B2FB05F51882DAAA00D65C2C /* KeychainItemWrapper.h */,
				B2FB05F61882DAAA00D65C2C /* KeychainItemWrapper.m */,
				17A46A87186D5DE80005475C /* Cell.h */,
				17A46A88186D5DE80005475C /* Cell.m */,
				17A46A89186D5DE80005475C /* CustomCellBackground.h */,
				17A46A8A186D5DE80005475C /* CustomCellBackground.m */,
			);
			path = Model;
			sourceTree = "<group>";
		};
		17A46A92186D5DE80005475C /* GetDataClasses */ = {
			isa = PBXGroup;
			children = (
				17A46A93186D5DE80005475C /* ListAlbumsSource.h */,
				17A46A94186D5DE80005475C /* ListAlbumsSource.m */,
				17A46A95186D5DE80005475C /* AlbumSource.h */,
				17A46A96186D5DE80005475C /* AlbumSource.m */,
			);
			path = GetDataClasses;
			sourceTree = "<group>";
		};
		17A46A9E186D5E2C0005475C /* ViewControllers */ = {
			isa = PBXGroup;
			children = (
				17A46A9F186D5E2C0005475C /* AlbumViewController.h */,
				17A46AA0186D5E2C0005475C /* AlbumViewController.m */,
				17A46AA1186D5E2C0005475C /* ImageViewController.h */,
				17A46AA2186D5E2C0005475C /* ImageViewController.m */,
				17A46AA3186D5E2C0005475C /* ListAlbumsController.h */,
				17A46AA4186D5E2C0005475C /* ListAlbumsController.m */,
				175EB644187D09A200E888F9 /* AboutViewController.h */,
				175EB645187D09A200E888F9 /* AboutViewController.m */,
				1717FADD18838AA100C2C033 /* MasterViewController.h */,
				1717FADE18838AA100C2C033 /* MasterViewController.m */,
				1717FAE01883939400C2C033 /* YourAlbumViewController.h */,
				1717FAE11883939400C2C033 /* YourAlbumViewController.m */,
			);
			path = ViewControllers;
			sourceTree = "<group>";
		};
		17A46AB5186D6FB90005475C /* Resources */ = {
			isa = PBXGroup;
			children = (
				B20A333018810BA100217ACC /* ActivityViewImages */,
				17A970D3187E5DDB000C40D1 /* MSBarButtonIconNavigationPane.png */,
				17A970D4187E5DDB000C40D1 /* MSBarButtonIconNavigationPane@2x.png */,
				B2F7F47D1871B94100D2ED95 /* media_app.png */,
				B2F7F47E1871B94100D2ED95 /* media_app@2x.png */,
			);
			path = Resources;
			sourceTree = "<group>";
		};
		17A46AB6186D71140005475C /* Libraries */ = {
			isa = PBXGroup;
			children = (
				17A970C6187E5C07000C40D1 /* Vendor */,
				172E781F187A8CFD00167BCF /* MWPhotoBrowser */,
				17A46AB7186D71140005475C /* AFNetworking */,
				17A46AEB186D71140005475C /* SVPullToRefresh */,
			);
			path = Libraries;
			sourceTree = "<group>";
		};
		17A46AB7186D71140005475C /* AFNetworking */ = {
			isa = PBXGroup;
			children = (
				17A46AB8186D71140005475C /* AFAppDotNetAPIClient.h */,
				17A46AB9186D71140005475C /* AFAppDotNetAPIClient.m */,
				17A46ABA186D71140005475C /* AFHTTPRequestOperation.h */,
				17A46ABB186D71140005475C /* AFHTTPRequestOperation.m */,
				17A46ABC186D71140005475C /* AFHTTPRequestOperationManager.h */,
				17A46ABD186D71140005475C /* AFHTTPRequestOperationManager.m */,
				17A46ABE186D71140005475C /* AFHTTPSessionManager.h */,
				17A46ABF186D71140005475C /* AFHTTPSessionManager.m */,
				17A46AC0186D71140005475C /* AFNetworking.h */,
				17A46AC1186D71140005475C /* AFNetworkReachabilityManager.h */,
				17A46AC2186D71140005475C /* AFNetworkReachabilityManager.m */,
				17A46AC3186D71140005475C /* AFSecurityPolicy.h */,
				17A46AC4186D71140005475C /* AFSecurityPolicy.m */,
				17A46AC5186D71140005475C /* AFURLConnectionOperation.h */,
				17A46AC6186D71140005475C /* AFURLConnectionOperation.m */,
				17A46AC7186D71140005475C /* AFURLRequestSerialization.h */,
				17A46AC8186D71140005475C /* AFURLRequestSerialization.m */,
				17A46AC9186D71140005475C /* AFURLResponseSerialization.h */,
				17A46ACA186D71140005475C /* AFURLResponseSerialization.m */,
				17A46ACB186D71140005475C /* AFURLSessionManager.h */,
				17A46ACC186D71140005475C /* AFURLSessionManager.m */,
			);
			path = AFNetworking;
			sourceTree = "<group>";
		};
		17A46AEB186D71140005475C /* SVPullToRefresh */ = {
			isa = PBXGroup;
			children = (
				17A46AEC186D71140005475C /* SVPullToRefresh.h */,
				17A46AED186D71140005475C /* UIScrollView+SVInfiniteScrolling.h */,
				17A46AEE186D71140005475C /* UIScrollView+SVInfiniteScrolling.m */,
				17A46AEF186D71140005475C /* UIScrollView+SVPullToRefresh.h */,
				17A46AF0186D71140005475C /* UIScrollView+SVPullToRefresh.m */,
			);
			path = SVPullToRefresh;
			sourceTree = "<group>";
		};
		17A970C6187E5C07000C40D1 /* Vendor */ = {
			isa = PBXGroup;
			children = (
				17A970CF187E5C32000C40D1 /* MSNavigationPaneViewController */,
				17A970C7187E5C07000C40D1 /* PRTween */,
			);
			path = Vendor;
			sourceTree = "<group>";
		};
		17A970C7187E5C07000C40D1 /* PRTween */ = {
			isa = PBXGroup;
			children = (
				17A970C8187E5C07000C40D1 /* PRTween.h */,
				17A970C9187E5C07000C40D1 /* PRTween.m */,
				17A970CA187E5C07000C40D1 /* PRTweenTimingFunctions.h */,
				17A970CB187E5C07000C40D1 /* PRTweenTimingFunctions.m */,
			);
			path = PRTween;
			sourceTree = "<group>";
		};
		17A970CF187E5C32000C40D1 /* MSNavigationPaneViewController */ = {
			isa = PBXGroup;
			children = (
				17A970D0187E5C32000C40D1 /* MSNavigationPaneViewController.h */,
				17A970D1187E5C32000C40D1 /* MSNavigationPaneViewController.m */,
			);
			path = MSNavigationPaneViewController;
			sourceTree = "<group>";
		};
		17B7F8741874FAF6002ED94B /* CustomLayout */ = {
			isa = PBXGroup;
			children = (
				17B7F8751874FAF6002ED94B /* CustomCollectionViewLayout.h */,
				17B7F8761874FAF6002ED94B /* CustomCollectionViewLayout.m */,
			);
			path = CustomLayout;
			sourceTree = "<group>";
		};
		17B91B0318628DC00018D4E2 = {
			isa = PBXGroup;
			children = (
				17B91B1518628DC00018D4E2 /* ImageViewerDemo */,
				17B91B3418628DC00018D4E2 /* ImageViewerDemoTests */,
				17B91B0E18628DC00018D4E2 /* Frameworks */,
				17B91B0D18628DC00018D4E2 /* Products */,
			);
			sourceTree = "<group>";
		};
		17B91B0D18628DC00018D4E2 /* Products */ = {
			isa = PBXGroup;
			children = (
				17B91B0C18628DC00018D4E2 /* ImageViewerDemo.app */,
				17B91B2D18628DC00018D4E2 /* ImageViewerDemoTests.xctest */,
			);
			name = Products;
			sourceTree = "<group>";
		};
		17B91B0E18628DC00018D4E2 /* Frameworks */ = {
			isa = PBXGroup;
			children = (
				B2FB05F31882D23B00D65C2C /* CoreData.framework */,
				172E7835187A8F3700167BCF /* AssetsLibrary.framework */,
				172E7833187A8F2800167BCF /* MessageUI.framework */,
				172E7831187A8F1A00167BCF /* ImageIO.framework */,
				17C235271867D5CD003C0446 /* QuartzCore.framework */,
				17B91B0F18628DC00018D4E2 /* Foundation.framework */,
				17B91B1118628DC00018D4E2 /* CoreGraphics.framework */,
				17B91B1318628DC00018D4E2 /* UIKit.framework */,
				17B91B2E18628DC00018D4E2 /* XCTest.framework */,
			);
			name = Frameworks;
			sourceTree = "<group>";
		};
		17B91B1518628DC00018D4E2 /* ImageViewerDemo */ = {
			isa = PBXGroup;
			children = (
				B2FB05E91882CF6400D65C2C /* DataSerivce */,
				B20A332C18810B3000217ACC /* CustomActivityView */,
				17B7F8741874FAF6002ED94B /* CustomLayout */,
				17A46AB6186D71140005475C /* Libraries */,
				17A46AB5186D6FB90005475C /* Resources */,
				17A46A9E186D5E2C0005475C /* ViewControllers */,
				17A46A86186D5DE80005475C /* Model */,
				17A46A92186D5DE80005475C /* GetDataClasses */,
				17A46A1C186D5B040005475C /* APIServices */,
				17B91B1E18628DC00018D4E2 /* AppDelegate.h */,
				17B91B1F18628DC00018D4E2 /* AppDelegate.m */,
				17B91B2118628DC00018D4E2 /* Main.storyboard */,
				17B91B2718628DC00018D4E2 /* Images.xcassets */,
				17B91B1618628DC00018D4E2 /* Supporting Files */,
				B2B1CD221882DCA70017DA94 /* NSObject+Utilities.h */,
				B2B1CD231882DCA70017DA94 /* NSObject+Utilities.m */,
			);
			path = ImageViewerDemo;
			sourceTree = "<group>";
		};
		17B91B1618628DC00018D4E2 /* Supporting Files */ = {
			isa = PBXGroup;
			children = (
				17B91B1718628DC00018D4E2 /* ImageViewerDemo-Info.plist */,
				17B91B1818628DC00018D4E2 /* InfoPlist.strings */,
				17B91B1B18628DC00018D4E2 /* main.m */,
				17B91B1D18628DC00018D4E2 /* ImageViewerDemo-Prefix.pch */,
				1717FAD618837EBD00C2C033 /* Localizable.strings */,
			);
			name = "Supporting Files";
			sourceTree = "<group>";
		};
		17B91B3418628DC00018D4E2 /* ImageViewerDemoTests */ = {
			isa = PBXGroup;
			children = (
				17B91B3A18628DC00018D4E2 /* ImageViewerDemoTests.m */,
				17B91B3518628DC00018D4E2 /* Supporting Files */,
			);
			path = ImageViewerDemoTests;
			sourceTree = "<group>";
		};
		17B91B3518628DC00018D4E2 /* Supporting Files */ = {
			isa = PBXGroup;
			children = (
				17B91B3618628DC00018D4E2 /* ImageViewerDemoTests-Info.plist */,
				17B91B3718628DC00018D4E2 /* InfoPlist.strings */,
			);
			name = "Supporting Files";
			sourceTree = "<group>";
		};
		B20A332C18810B3000217ACC /* CustomActivityView */ = {
			isa = PBXGroup;
			children = (
				B20A332D18810B3000217ACC /* ActivityViewCustomActivity.h */,
				B20A332E18810B3000217ACC /* ActivityViewCustomActivity.m */,
			);
			path = CustomActivityView;
			sourceTree = "<group>";
		};
		B20A333018810BA100217ACC /* ActivityViewImages */ = {
			isa = PBXGroup;
			children = (
				B20A333118810BA100217ACC /* like_icon.png */,
				B20A333218810BA100217ACC /* like_icon@2x.png */,
			);
			path = ActivityViewImages;
			sourceTree = "<group>";
		};
		B2FB05E91882CF6400D65C2C /* DataSerivce */ = {
			isa = PBXGroup;
			children = (
				B2FB05EA1882CF6400D65C2C /* DataService.h */,
				B2FB05EB1882CF6400D65C2C /* DataService.m */,
				B2FB05ED1882CFAB00D65C2C /* IMAGE.xcdatamodeld */,
				B2FB05F01882D0B200D65C2C /* IMAGE.h */,
				B2FB05F11882D0B200D65C2C /* IMAGE.m */,
			);
			path = DataSerivce;
			sourceTree = "<group>";
		};
/* End PBXGroup section */

/* Begin PBXNativeTarget section */
		17B91B0B18628DC00018D4E2 /* ImageViewerDemo */ = {
			isa = PBXNativeTarget;
			buildConfigurationList = 17B91B3E18628DC00018D4E2 /* Build configuration list for PBXNativeTarget "ImageViewerDemo" */;
			buildPhases = (
				17B91B0818628DC00018D4E2 /* Sources */,
				17B91B0918628DC00018D4E2 /* Frameworks */,
				17B91B0A18628DC00018D4E2 /* Resources */,
			);
			buildRules = (
			);
			dependencies = (
			);
			name = ImageViewerDemo;
			productName = ImageViewerDemo;
			productReference = 17B91B0C18628DC00018D4E2 /* ImageViewerDemo.app */;
			productType = "com.apple.product-type.application";
		};
		17B91B2C18628DC00018D4E2 /* ImageViewerDemoTests */ = {
			isa = PBXNativeTarget;
			buildConfigurationList = 17B91B4118628DC00018D4E2 /* Build configuration list for PBXNativeTarget "ImageViewerDemoTests" */;
			buildPhases = (
				17B91B2918628DC00018D4E2 /* Sources */,
				17B91B2A18628DC00018D4E2 /* Frameworks */,
				17B91B2B18628DC00018D4E2 /* Resources */,
			);
			buildRules = (
			);
			dependencies = (
				17B91B3318628DC00018D4E2 /* PBXTargetDependency */,
			);
			name = ImageViewerDemoTests;
			productName = ImageViewerDemoTests;
			productReference = 17B91B2D18628DC00018D4E2 /* ImageViewerDemoTests.xctest */;
			productType = "com.apple.product-type.bundle.unit-test";
		};
/* End PBXNativeTarget section */

/* Begin PBXProject section */
		17B91B0418628DC00018D4E2 /* Project object */ = {
			isa = PBXProject;
			attributes = {
				LastUpgradeCheck = 0500;
				ORGANIZATIONNAME = HuyNguyenQuang;
				TargetAttributes = {
					17B91B2C18628DC00018D4E2 = {
						TestTargetID = 17B91B0B18628DC00018D4E2;
					};
				};
			};
			buildConfigurationList = 17B91B0718628DC00018D4E2 /* Build configuration list for PBXProject "ImageViewerDemo" */;
			compatibilityVersion = "Xcode 3.2";
			developmentRegion = English;
			hasScannedForEncodings = 0;
			knownRegions = (
				en,
				Base,
				vi,
			);
			mainGroup = 17B91B0318628DC00018D4E2;
			productRefGroup = 17B91B0D18628DC00018D4E2 /* Products */;
			projectDirPath = "";
			projectRoot = "";
			targets = (
				17B91B0B18628DC00018D4E2 /* ImageViewerDemo */,
				17B91B2C18628DC00018D4E2 /* ImageViewerDemoTests */,
			);
		};
/* End PBXProject section */

/* Begin PBXResourcesBuildPhase section */
		17B91B0A18628DC00018D4E2 /* Resources */ = {
			isa = PBXResourcesBuildPhase;
			buildActionMask = 2147483647;
			files = (
				17A970D5187E5DDB000C40D1 /* MSBarButtonIconNavigationPane.png in Resources */,
				B2F7F47F1871B94100D2ED95 /* media_app.png in Resources */,
				17B91B2818628DC00018D4E2 /* Images.xcassets in Resources */,
				1717FAD418837EBD00C2C033 /* Localizable.strings in Resources */,
				172E78A8187A903E00167BCF /* LICENSE in Resources */,
				172E789A187A903E00167BCF /* README.mdown in Resources */,
				B2F7F4801871B94100D2ED95 /* media_app@2x.png in Resources */,
				172E782C187A8EB100167BCF /* MWPhotoBrowser.bundle in Resources */,
				17A970D6187E5DDB000C40D1 /* MSBarButtonIconNavigationPane@2x.png in Resources */,
				172E78A9187A903E00167BCF /* README.md in Resources */,
				B20A333318810BA100217ACC /* like_icon.png in Resources */,
				17B91B1A18628DC00018D4E2 /* InfoPlist.strings in Resources */,
				B20A333418810BA100217ACC /* like_icon@2x.png in Resources */,
				17B91B2318628DC00018D4E2 /* Main.storyboard in Resources */,
			);
			runOnlyForDeploymentPostprocessing = 0;
		};
		17B91B2B18628DC00018D4E2 /* Resources */ = {
			isa = PBXResourcesBuildPhase;
			buildActionMask = 2147483647;
			files = (
				17B91B3918628DC00018D4E2 /* InfoPlist.strings in Resources */,
			);
			runOnlyForDeploymentPostprocessing = 0;
		};
/* End PBXResourcesBuildPhase section */

/* Begin PBXSourcesBuildPhase section */
		17B91B0818628DC00018D4E2 /* Sources */ = {
			isa = PBXSourcesBuildPhase;
			buildActionMask = 2147483647;
			files = (
				B2FB05F21882D0B200D65C2C /* IMAGE.m in Sources */,
				172E7897187A903E00167BCF /* MWZoomingScrollView.m in Sources */,
				B20A332F18810B3000217ACC /* ActivityViewCustomActivity.m in Sources */,
				172E7891187A903E00167BCF /* MWGridCell.m in Sources */,
				17A46AF2186D71140005475C /* AFHTTPRequestOperation.m in Sources */,
				172E78A6187A903E00167BCF /* PSTGridLayoutRow.m in Sources */,
				17A970CD187E5C07000C40D1 /* PRTweenTimingFunctions.m in Sources */,
				172E7893187A903E00167BCF /* MWPhoto.m in Sources */,
				172E78B2187A903E00167BCF /* UIButton+WebCache.m in Sources */,
				172E78AF187A903E00167BCF /* SDWebImageDownloaderOperation.m in Sources */,
				17B7F8771874FAF6002ED94B /* CustomCollectionViewLayout.m in Sources */,
				1717FAE21883939400C2C033 /* YourAlbumViewController.m in Sources */,
				17A46B0A186D71140005475C /* UIScrollView+SVPullToRefresh.m in Sources */,
				17A46A98186D5DE80005475C /* CustomCellBackground.m in Sources */,
				172E78B6187A903E00167BCF /* UIImageView+WebCache.m in Sources */,
				175EB646187D09A200E888F9 /* AboutViewController.m in Sources */,
				172E7894187A903E00167BCF /* MWPhotoBrowser.m in Sources */,
				172E7890187A903E00167BCF /* MWCaptionView.m in Sources */,
				B2FB05EF1882CFAB00D65C2C /* IMAGE.xcdatamodeld in Sources */,
				17A46AA6186D5E2C0005475C /* ImageViewController.m in Sources */,
				172E789D187A903E00167BCF /* PSTCollectionViewCell.m in Sources */,
				172E78B4187A903E00167BCF /* UIImage+MultiFormat.m in Sources */,
				17A46AFA186D71140005475C /* AFURLSessionManager.m in Sources */,
				172E78A1187A903E00167BCF /* PSTCollectionViewItemKey.m in Sources */,
				17A46A97186D5DE80005475C /* Cell.m in Sources */,
				172E78A3187A903E00167BCF /* PSTCollectionViewUpdateItem.m in Sources */,
				172E789B187A903E00167BCF /* NSIndexPath+PSTCollectionViewAdditions.m in Sources */,
				17A46AF7186D71140005475C /* AFURLConnectionOperation.m in Sources */,
				172E789F187A903E00167BCF /* PSTCollectionViewData.m in Sources */,
				17A46AF3186D71140005475C /* AFHTTPRequestOperationManager.m in Sources */,
				172E78AA187A903E00167BCF /* NSData+GIF.m in Sources */,
				172E78A0187A903E00167BCF /* PSTCollectionViewFlowLayout.m in Sources */,
				17A970D2187E5C32000C40D1 /* MSNavigationPaneViewController.m in Sources */,
				17A46A9D186D5DE80005475C /* AlbumSource.m in Sources */,
				172E789E187A903E00167BCF /* PSTCollectionViewController.m in Sources */,
				17A46AF5186D71140005475C /* AFNetworkReachabilityManager.m in Sources */,
				17A46AF1186D71140005475C /* AFAppDotNetAPIClient.m in Sources */,
				172E78A2187A903E00167BCF /* PSTCollectionViewLayout.m in Sources */,
				172E78B0187A903E00167BCF /* SDWebImageManager.m in Sources */,
				17A46A9C186D5DE80005475C /* ListAlbumsSource.m in Sources */,
				172E7895187A903E00167BCF /* MWTapDetectingImageView.m in Sources */,
				B2B1CD241882DCA70017DA94 /* NSObject+Utilities.m in Sources */,
				17A970CC187E5C07000C40D1 /* PRTween.m in Sources */,
				17A46B09186D71140005475C /* UIScrollView+SVInfiniteScrolling.m in Sources */,
				17A46AF6186D71140005475C /* AFSecurityPolicy.m in Sources */,
				172E78B3187A903E00167BCF /* UIImage+GIF.m in Sources */,
				1717FADF18838AA100C2C033 /* MasterViewController.m in Sources */,
				172E78AC187A903E00167BCF /* SDWebImageCompat.m in Sources */,
				172E7899187A903E00167BCF /* MBProgressHUD.m in Sources */,
				17A46AB1186D65E50005475C /* ServiceConfigs.m in Sources */,
				B2FB05F71882DAAA00D65C2C /* KeychainItemWrapper.m in Sources */,
				172E78A4187A903E00167BCF /* PSTGridLayoutInfo.m in Sources */,
				172E78A5187A903E00167BCF /* PSTGridLayoutItem.m in Sources */,
				17A46AF8186D71140005475C /* AFURLRequestSerialization.m in Sources */,
				172E7898187A903E00167BCF /* DACircularProgressView.m in Sources */,
				172E789C187A903E00167BCF /* PSTCollectionView.m in Sources */,
				172E78AD187A903E00167BCF /* SDWebImageDecoder.m in Sources */,
				17A46AA5186D5E2C0005475C /* AlbumViewController.m in Sources */,
				17A46AF9186D71140005475C /* AFURLResponseSerialization.m in Sources */,
				17A46AA7186D5E2C0005475C /* ListAlbumsController.m in Sources */,
				17A46AB4186D67980005475C /* APIService.m in Sources */,
				172E78AB187A903E00167BCF /* SDImageCache.m in Sources */,
				172E78B1187A903E00167BCF /* SDWebImagePrefetcher.m in Sources */,
				172E78AE187A903E00167BCF /* SDWebImageDownloader.m in Sources */,
				172E78B5187A903E00167BCF /* UIImage+WebP.m in Sources */,
				17A46AF4186D71140005475C /* AFHTTPSessionManager.m in Sources */,
				172E7896187A903E00167BCF /* MWTapDetectingView.m in Sources */,
				B2FB05EC1882CF6400D65C2C /* DataService.m in Sources */,
				17B91B2018628DC00018D4E2 /* AppDelegate.m in Sources */,
				172E78A7187A903E00167BCF /* PSTGridLayoutSection.m in Sources */,
				172E7892187A903E00167BCF /* MWGridViewController.m in Sources */,
				17B91B1C18628DC00018D4E2 /* main.m in Sources */,
			);
			runOnlyForDeploymentPostprocessing = 0;
		};
		17B91B2918628DC00018D4E2 /* Sources */ = {
			isa = PBXSourcesBuildPhase;
			buildActionMask = 2147483647;
			files = (
				17B91B3B18628DC00018D4E2 /* ImageViewerDemoTests.m in Sources */,
			);
			runOnlyForDeploymentPostprocessing = 0;
		};
/* End PBXSourcesBuildPhase section */

/* Begin PBXTargetDependency section */
		17B91B3318628DC00018D4E2 /* PBXTargetDependency */ = {
			isa = PBXTargetDependency;
			target = 17B91B0B18628DC00018D4E2 /* ImageViewerDemo */;
			targetProxy = 17B91B3218628DC00018D4E2 /* PBXContainerItemProxy */;
		};
/* End PBXTargetDependency section */

/* Begin PBXVariantGroup section */
		1717FAD618837EBD00C2C033 /* Localizable.strings */ = {
			isa = PBXVariantGroup;
			children = (
				1717FAD718837ED400C2C033 /* en */,
				1717FAD818837EF400C2C033 /* vi */,
				1717FAD9188381B800C2C033 /* Base */,
			);
			name = Localizable.strings;
			sourceTree = "<group>";
		};
		17B91B1818628DC00018D4E2 /* InfoPlist.strings */ = {
			isa = PBXVariantGroup;
			children = (
				17B91B1918628DC00018D4E2 /* en */,
				1717FAD218837E1D00C2C033 /* vi */,
			);
			name = InfoPlist.strings;
			sourceTree = "<group>";
		};
		17B91B2118628DC00018D4E2 /* Main.storyboard */ = {
			isa = PBXVariantGroup;
			children = (
				17B91B2218628DC00018D4E2 /* Base */,
				1717FAD118837E1D00C2C033 /* vi */,
			);
			name = Main.storyboard;
			sourceTree = "<group>";
		};
		17B91B3718628DC00018D4E2 /* InfoPlist.strings */ = {
			isa = PBXVariantGroup;
			children = (
				17B91B3818628DC00018D4E2 /* en */,
				1717FAD318837E1D00C2C033 /* vi */,
			);
			name = InfoPlist.strings;
			sourceTree = "<group>";
		};
/* End PBXVariantGroup section */

/* Begin XCBuildConfiguration section */
		17B91B3C18628DC00018D4E2 /* Debug */ = {
			isa = XCBuildConfiguration;
			buildSettings = {
				ALWAYS_SEARCH_USER_PATHS = NO;
				ARCHS = "$(ARCHS_STANDARD_INCLUDING_64_BIT)";
				CLANG_CXX_LANGUAGE_STANDARD = "gnu++0x";
				CLANG_CXX_LIBRARY = "libc++";
				CLANG_ENABLE_MODULES = YES;
				CLANG_ENABLE_OBJC_ARC = YES;
				CLANG_WARN_BOOL_CONVERSION = YES;
				CLANG_WARN_CONSTANT_CONVERSION = YES;
				CLANG_WARN_DIRECT_OBJC_ISA_USAGE = YES_ERROR;
				CLANG_WARN_EMPTY_BODY = YES;
				CLANG_WARN_ENUM_CONVERSION = YES;
				CLANG_WARN_INT_CONVERSION = YES;
				CLANG_WARN_OBJC_ROOT_CLASS = YES_ERROR;
				CLANG_WARN__DUPLICATE_METHOD_MATCH = YES;
				"CODE_SIGN_IDENTITY[sdk=iphoneos*]" = "iPhone Developer";
				COPY_PHASE_STRIP = NO;
				GCC_C_LANGUAGE_STANDARD = gnu99;
				GCC_DYNAMIC_NO_PIC = NO;
				GCC_OPTIMIZATION_LEVEL = 0;
				GCC_PREPROCESSOR_DEFINITIONS = (
					"DEBUG=1",
					"$(inherited)",
				);
				GCC_SYMBOLS_PRIVATE_EXTERN = NO;
				GCC_WARN_64_TO_32_BIT_CONVERSION = YES;
				GCC_WARN_ABOUT_RETURN_TYPE = YES_ERROR;
				GCC_WARN_UNDECLARED_SELECTOR = YES;
				GCC_WARN_UNINITIALIZED_AUTOS = YES;
				GCC_WARN_UNUSED_FUNCTION = YES;
				GCC_WARN_UNUSED_VARIABLE = YES;
				IPHONEOS_DEPLOYMENT_TARGET = 6.1;
				ONLY_ACTIVE_ARCH = YES;
				SDKROOT = iphoneos;
			};
			name = Debug;
		};
		17B91B3D18628DC00018D4E2 /* Release */ = {
			isa = XCBuildConfiguration;
			buildSettings = {
				ALWAYS_SEARCH_USER_PATHS = NO;
				ARCHS = "$(ARCHS_STANDARD_INCLUDING_64_BIT)";
				CLANG_CXX_LANGUAGE_STANDARD = "gnu++0x";
				CLANG_CXX_LIBRARY = "libc++";
				CLANG_ENABLE_MODULES = YES;
				CLANG_ENABLE_OBJC_ARC = YES;
				CLANG_WARN_BOOL_CONVERSION = YES;
				CLANG_WARN_CONSTANT_CONVERSION = YES;
				CLANG_WARN_DIRECT_OBJC_ISA_USAGE = YES_ERROR;
				CLANG_WARN_EMPTY_BODY = YES;
				CLANG_WARN_ENUM_CONVERSION = YES;
				CLANG_WARN_INT_CONVERSION = YES;
				CLANG_WARN_OBJC_ROOT_CLASS = YES_ERROR;
				CLANG_WARN__DUPLICATE_METHOD_MATCH = YES;
				"CODE_SIGN_IDENTITY[sdk=iphoneos*]" = "iPhone Developer";
				COPY_PHASE_STRIP = YES;
				ENABLE_NS_ASSERTIONS = NO;
				GCC_C_LANGUAGE_STANDARD = gnu99;
				GCC_WARN_64_TO_32_BIT_CONVERSION = YES;
				GCC_WARN_ABOUT_RETURN_TYPE = YES_ERROR;
				GCC_WARN_UNDECLARED_SELECTOR = YES;
				GCC_WARN_UNINITIALIZED_AUTOS = YES;
				GCC_WARN_UNUSED_FUNCTION = YES;
				GCC_WARN_UNUSED_VARIABLE = YES;
				IPHONEOS_DEPLOYMENT_TARGET = 6.1;
				SDKROOT = iphoneos;
				VALIDATE_PRODUCT = YES;
			};
			name = Release;
		};
		17B91B3F18628DC00018D4E2 /* Debug */ = {
			isa = XCBuildConfiguration;
			buildSettings = {
				ASSETCATALOG_COMPILER_LAUNCHIMAGE_NAME = LaunchImage;
				GCC_PRECOMPILE_PREFIX_HEADER = YES;
				GCC_PREFIX_HEADER = "ImageViewerDemo/ImageViewerDemo-Prefix.pch";
				INFOPLIST_FILE = "ImageViewerDemo/ImageViewerDemo-Info.plist";
				PRODUCT_NAME = "$(TARGET_NAME)";
				WRAPPER_EXTENSION = app;
			};
			name = Debug;
		};
		17B91B4018628DC00018D4E2 /* Release */ = {
			isa = XCBuildConfiguration;
			buildSettings = {
				ASSETCATALOG_COMPILER_LAUNCHIMAGE_NAME = LaunchImage;
				GCC_PRECOMPILE_PREFIX_HEADER = YES;
				GCC_PREFIX_HEADER = "ImageViewerDemo/ImageViewerDemo-Prefix.pch";
				INFOPLIST_FILE = "ImageViewerDemo/ImageViewerDemo-Info.plist";
				PRODUCT_NAME = "$(TARGET_NAME)";
				WRAPPER_EXTENSION = app;
			};
			name = Release;
		};
		17B91B4218628DC00018D4E2 /* Debug */ = {
			isa = XCBuildConfiguration;
			buildSettings = {
				ARCHS = "$(ARCHS_STANDARD_INCLUDING_64_BIT)";
				BUNDLE_LOADER = "$(BUILT_PRODUCTS_DIR)/ImageViewerDemo.app/ImageViewerDemo";
				FRAMEWORK_SEARCH_PATHS = (
					"$(SDKROOT)/Developer/Library/Frameworks",
					"$(inherited)",
					"$(DEVELOPER_FRAMEWORKS_DIR)",
				);
				GCC_PRECOMPILE_PREFIX_HEADER = YES;
				GCC_PREFIX_HEADER = "ImageViewerDemo/ImageViewerDemo-Prefix.pch";
				GCC_PREPROCESSOR_DEFINITIONS = (
					"DEBUG=1",
					"$(inherited)",
				);
				INFOPLIST_FILE = "ImageViewerDemoTests/ImageViewerDemoTests-Info.plist";
				PRODUCT_NAME = "$(TARGET_NAME)";
				TEST_HOST = "$(BUNDLE_LOADER)";
				WRAPPER_EXTENSION = xctest;
			};
			name = Debug;
		};
		17B91B4318628DC00018D4E2 /* Release */ = {
			isa = XCBuildConfiguration;
			buildSettings = {
				ARCHS = "$(ARCHS_STANDARD_INCLUDING_64_BIT)";
				BUNDLE_LOADER = "$(BUILT_PRODUCTS_DIR)/ImageViewerDemo.app/ImageViewerDemo";
				FRAMEWORK_SEARCH_PATHS = (
					"$(SDKROOT)/Developer/Library/Frameworks",
					"$(inherited)",
					"$(DEVELOPER_FRAMEWORKS_DIR)",
				);
				GCC_PRECOMPILE_PREFIX_HEADER = YES;
				GCC_PREFIX_HEADER = "ImageViewerDemo/ImageViewerDemo-Prefix.pch";
				INFOPLIST_FILE = "ImageViewerDemoTests/ImageViewerDemoTests-Info.plist";
				PRODUCT_NAME = "$(TARGET_NAME)";
				TEST_HOST = "$(BUNDLE_LOADER)";
				WRAPPER_EXTENSION = xctest;
			};
			name = Release;
		};
/* End XCBuildConfiguration section */

/* Begin XCConfigurationList section */
		17B91B0718628DC00018D4E2 /* Build configuration list for PBXProject "ImageViewerDemo" */ = {
			isa = XCConfigurationList;
			buildConfigurations = (
				17B91B3C18628DC00018D4E2 /* Debug */,
				17B91B3D18628DC00018D4E2 /* Release */,
			);
			defaultConfigurationIsVisible = 0;
			defaultConfigurationName = Release;
		};
		17B91B3E18628DC00018D4E2 /* Build configuration list for PBXNativeTarget "ImageViewerDemo" */ = {
			isa = XCConfigurationList;
			buildConfigurations = (
				17B91B3F18628DC00018D4E2 /* Debug */,
				17B91B4018628DC00018D4E2 /* Release */,
			);
			defaultConfigurationIsVisible = 0;
			defaultConfigurationName = Release;
		};
		17B91B4118628DC00018D4E2 /* Build configuration list for PBXNativeTarget "ImageViewerDemoTests" */ = {
			isa = XCConfigurationList;
			buildConfigurations = (
				17B91B4218628DC00018D4E2 /* Debug */,
				17B91B4318628DC00018D4E2 /* Release */,
			);
			defaultConfigurationIsVisible = 0;
			defaultConfigurationName = Release;
		};
/* End XCConfigurationList section */

/* Begin XCVersionGroup section */
		B2FB05ED1882CFAB00D65C2C /* IMAGE.xcdatamodeld */ = {
			isa = XCVersionGroup;
			children = (
				B2FB05EE1882CFAB00D65C2C /* IMAGE.xcdatamodel */,
			);
			currentVersion = B2FB05EE1882CFAB00D65C2C /* IMAGE.xcdatamodel */;
			path = IMAGE.xcdatamodeld;
			sourceTree = "<group>";
			versionGroupType = wrapper.xcdatamodel;
		};
/* End XCVersionGroup section */
	};
	rootObject = 17B91B0418628DC00018D4E2 /* Project object */;
}
